// !$*UTF8*$!
{
	archiveVersion = 1;
	classes = {
	};
	objectVersion = 56;
	objects = {

/* Begin PBXBuildFile section */
		3412A9CF2B167E750025733F /* AddPlaceView.swift in Sources */ = {isa = PBXBuildFile; fileRef = 3412A9CE2B167E750025733F /* AddPlaceView.swift */; };
		3412A9D12B167EA70025733F /* AddPlaceViewController.swift in Sources */ = {isa = PBXBuildFile; fileRef = 3412A9D02B167EA70025733F /* AddPlaceViewController.swift */; };
		3412A9D42B167EE00025733F /* FilterScreenViewController.swift in Sources */ = {isa = PBXBuildFile; fileRef = 3412A9D32B167EE00025733F /* FilterScreenViewController.swift */; };
		3412A9D62B167EF90025733F /* FilterScreenView.swift in Sources */ = {isa = PBXBuildFile; fileRef = 3412A9D52B167EF90025733F /* FilterScreenView.swift */; };
		3412A9D82B167F140025733F /* FilterScreenTableViewCell.swift in Sources */ = {isa = PBXBuildFile; fileRef = 3412A9D72B167F140025733F /* FilterScreenTableViewCell.swift */; };
		349696702B0B1BAC00E687E0 /* RegisterViewController.swift in Sources */ = {isa = PBXBuildFile; fileRef = 3496966F2B0B1BAC00E687E0 /* RegisterViewController.swift */; };
		349696722B0B1CFD00E687E0 /* RegisterView.swift in Sources */ = {isa = PBXBuildFile; fileRef = 349696712B0B1CFD00E687E0 /* RegisterView.swift */; };
		349696762B0B1E2F00E687E0 /* AuthManager.swift in Sources */ = {isa = PBXBuildFile; fileRef = 349696752B0B1E2F00E687E0 /* AuthManager.swift */; };
		349696782B0B1E8500E687E0 /* User.swift in Sources */ = {isa = PBXBuildFile; fileRef = 349696772B0B1E8500E687E0 /* User.swift */; };
		3496967A2B0B1EDA00E687E0 /* UIElementUtil.swift in Sources */ = {isa = PBXBuildFile; fileRef = 349696792B0B1EDA00E687E0 /* UIElementUtil.swift */; };
		3E058DE42B1289E7004F6F99 /* AddReviewView.swift in Sources */ = {isa = PBXBuildFile; fileRef = 3E058DE32B1289E7004F6F99 /* AddReviewView.swift */; };
		3E058DE62B1289F8004F6F99 /* AddReviewViewController.swift in Sources */ = {isa = PBXBuildFile; fileRef = 3E058DE52B1289F8004F6F99 /* AddReviewViewController.swift */; };
		3E058DE82B12A1FC004F6F99 /* UIColorExtension.swift in Sources */ = {isa = PBXBuildFile; fileRef = 3E058DE72B12A1FC004F6F99 /* UIColorExtension.swift */; };
		3ECFEEB62B09E34700D05969 /* LoginView.swift in Sources */ = {isa = PBXBuildFile; fileRef = 3ECFEEB52B09E34700D05969 /* LoginView.swift */; };
		3ECFEEB82B09E3B800D05969 /* LoginViewController.swift in Sources */ = {isa = PBXBuildFile; fileRef = 3ECFEEB72B09E3B800D05969 /* LoginViewController.swift */; };
		3ECFEEBA2B09E42600D05969 /* DataFormatter.swift in Sources */ = {isa = PBXBuildFile; fileRef = 3ECFEEB92B09E42600D05969 /* DataFormatter.swift */; };
		3ECFEEBC2B09E47E00D05969 /* AlertUtil.swift in Sources */ = {isa = PBXBuildFile; fileRef = 3ECFEEBB2B09E47E00D05969 /* AlertUtil.swift */; };
		3ECFEEBE2B09E4A100D05969 /* Constants.swift in Sources */ = {isa = PBXBuildFile; fileRef = 3ECFEEBD2B09E4A100D05969 /* Constants.swift */; };
		FC40EDF82B11AF41000882D0 /* Store.swift in Sources */ = {isa = PBXBuildFile; fileRef = FC40EDF72B11AF41000882D0 /* Store.swift */; };
		FC40EDFA2B11BE77000882D0 /* Tag.swift in Sources */ = {isa = PBXBuildFile; fileRef = FC40EDF92B11BE77000882D0 /* Tag.swift */; };
		FC40EDFD2B11BF98000882D0 /* TestViewController.swift in Sources */ = {isa = PBXBuildFile; fileRef = FC40EDFC2B11BF98000882D0 /* TestViewController.swift */; };
		FC40EDFF2B11BFAA000882D0 /* TestView.swift in Sources */ = {isa = PBXBuildFile; fileRef = FC40EDFE2B11BFAA000882D0 /* TestView.swift */; };
		FC40EE012B11C37E000882D0 /* GoogleService-Info.plist in Resources */ = {isa = PBXBuildFile; fileRef = FC40EE002B11C37E000882D0 /* GoogleService-Info.plist */; };
		FC40EE052B11C4D8000882D0 /* FirebaseAnalytics in Frameworks */ = {isa = PBXBuildFile; productRef = FC40EE042B11C4D8000882D0 /* FirebaseAnalytics */; };
		FC40EE072B11C4D8000882D0 /* FirebaseAuth in Frameworks */ = {isa = PBXBuildFile; productRef = FC40EE062B11C4D8000882D0 /* FirebaseAuth */; };
		FC40EE092B11C4D8000882D0 /* FirebaseFirestore in Frameworks */ = {isa = PBXBuildFile; productRef = FC40EE082B11C4D8000882D0 /* FirebaseFirestore */; };
		FC40EE0B2B11C4D8000882D0 /* FirebaseFirestoreSwift in Frameworks */ = {isa = PBXBuildFile; productRef = FC40EE0A2B11C4D8000882D0 /* FirebaseFirestoreSwift */; };
		FC40EE0D2B11C4D8000882D0 /* FirebaseStorage in Frameworks */ = {isa = PBXBuildFile; productRef = FC40EE0C2B11C4D8000882D0 /* FirebaseStorage */; };
		FC40EE0F2B11C578000882D0 /* Conversation.swift in Sources */ = {isa = PBXBuildFile; fileRef = FC40EE0E2B11C578000882D0 /* Conversation.swift */; };
		FC40EE112B11C598000882D0 /* MessageDAO.swift in Sources */ = {isa = PBXBuildFile; fileRef = FC40EE102B11C598000882D0 /* MessageDAO.swift */; };
		FCB896692B09CA240042535C /* AppDelegate.swift in Sources */ = {isa = PBXBuildFile; fileRef = FCB896682B09CA240042535C /* AppDelegate.swift */; };
		FCB8966B2B09CA240042535C /* SceneDelegate.swift in Sources */ = {isa = PBXBuildFile; fileRef = FCB8966A2B09CA240042535C /* SceneDelegate.swift */; };
		FCB896702B09CA240042535C /* Main.storyboard in Resources */ = {isa = PBXBuildFile; fileRef = FCB8966E2B09CA240042535C /* Main.storyboard */; };
		FCB896722B09CA250042535C /* Assets.xcassets in Resources */ = {isa = PBXBuildFile; fileRef = FCB896712B09CA250042535C /* Assets.xcassets */; };
		FCB896752B09CA250042535C /* LaunchScreen.storyboard in Resources */ = {isa = PBXBuildFile; fileRef = FCB896732B09CA250042535C /* LaunchScreen.storyboard */; };
		FCB8968D2B09D4BF0042535C /* WelcomeViewController.swift in Sources */ = {isa = PBXBuildFile; fileRef = FCB8968C2B09D4BF0042535C /* WelcomeViewController.swift */; };
		FCB8968F2B09D54F0042535C /* WelcomeView.swift in Sources */ = {isa = PBXBuildFile; fileRef = FCB8968E2B09D54F0042535C /* WelcomeView.swift */; };
		FCB896912B09D85E0042535C /* ProgressSpinnerDelegate.swift in Sources */ = {isa = PBXBuildFile; fileRef = FCB896902B09D85E0042535C /* ProgressSpinnerDelegate.swift */; };
		FCB896932B09D8980042535C /* ProgressSpinnerViewController.swift in Sources */ = {isa = PBXBuildFile; fileRef = FCB896922B09D8980042535C /* ProgressSpinnerViewController.swift */; };
		FCB896952B09D8DB0042535C /* DBManager.swift in Sources */ = {isa = PBXBuildFile; fileRef = FCB896942B09D8DB0042535C /* DBManager.swift */; };
/* End PBXBuildFile section */

/* Begin PBXFileReference section */
		3412A9CE2B167E750025733F /* AddPlaceView.swift */ = {isa = PBXFileReference; lastKnownFileType = sourcecode.swift; path = AddPlaceView.swift; sourceTree = "<group>"; };
		3412A9D02B167EA70025733F /* AddPlaceViewController.swift */ = {isa = PBXFileReference; lastKnownFileType = sourcecode.swift; path = AddPlaceViewController.swift; sourceTree = "<group>"; };
		3412A9D32B167EE00025733F /* FilterScreenViewController.swift */ = {isa = PBXFileReference; lastKnownFileType = sourcecode.swift; path = FilterScreenViewController.swift; sourceTree = "<group>"; };
		3412A9D52B167EF90025733F /* FilterScreenView.swift */ = {isa = PBXFileReference; lastKnownFileType = sourcecode.swift; path = FilterScreenView.swift; sourceTree = "<group>"; };
		3412A9D72B167F140025733F /* FilterScreenTableViewCell.swift */ = {isa = PBXFileReference; lastKnownFileType = sourcecode.swift; path = FilterScreenTableViewCell.swift; sourceTree = "<group>"; };
		3496966F2B0B1BAC00E687E0 /* RegisterViewController.swift */ = {isa = PBXFileReference; lastKnownFileType = sourcecode.swift; path = RegisterViewController.swift; sourceTree = "<group>"; };
		349696712B0B1CFD00E687E0 /* RegisterView.swift */ = {isa = PBXFileReference; lastKnownFileType = sourcecode.swift; path = RegisterView.swift; sourceTree = "<group>"; };
		349696752B0B1E2F00E687E0 /* AuthManager.swift */ = {isa = PBXFileReference; lastKnownFileType = sourcecode.swift; path = AuthManager.swift; sourceTree = "<group>"; };
		349696772B0B1E8500E687E0 /* User.swift */ = {isa = PBXFileReference; lastKnownFileType = sourcecode.swift; path = User.swift; sourceTree = "<group>"; };
		349696792B0B1EDA00E687E0 /* UIElementUtil.swift */ = {isa = PBXFileReference; lastKnownFileType = sourcecode.swift; path = UIElementUtil.swift; sourceTree = "<group>"; };
		3E058DE32B1289E7004F6F99 /* AddReviewView.swift */ = {isa = PBXFileReference; lastKnownFileType = sourcecode.swift; path = AddReviewView.swift; sourceTree = "<group>"; };
		3E058DE52B1289F8004F6F99 /* AddReviewViewController.swift */ = {isa = PBXFileReference; lastKnownFileType = sourcecode.swift; path = AddReviewViewController.swift; sourceTree = "<group>"; };
		3E058DE72B12A1FC004F6F99 /* UIColorExtension.swift */ = {isa = PBXFileReference; lastKnownFileType = sourcecode.swift; path = UIColorExtension.swift; sourceTree = "<group>"; };
		3ECFEEB52B09E34700D05969 /* LoginView.swift */ = {isa = PBXFileReference; lastKnownFileType = sourcecode.swift; path = LoginView.swift; sourceTree = "<group>"; };
		3ECFEEB72B09E3B800D05969 /* LoginViewController.swift */ = {isa = PBXFileReference; lastKnownFileType = sourcecode.swift; path = LoginViewController.swift; sourceTree = "<group>"; };
		3ECFEEB92B09E42600D05969 /* DataFormatter.swift */ = {isa = PBXFileReference; lastKnownFileType = sourcecode.swift; path = DataFormatter.swift; sourceTree = "<group>"; };
		3ECFEEBB2B09E47E00D05969 /* AlertUtil.swift */ = {isa = PBXFileReference; lastKnownFileType = sourcecode.swift; path = AlertUtil.swift; sourceTree = "<group>"; };
		3ECFEEBD2B09E4A100D05969 /* Constants.swift */ = {isa = PBXFileReference; lastKnownFileType = sourcecode.swift; path = Constants.swift; sourceTree = "<group>"; };
		FC40EDF72B11AF41000882D0 /* Store.swift */ = {isa = PBXFileReference; lastKnownFileType = sourcecode.swift; path = Store.swift; sourceTree = "<group>"; };
		FC40EDF92B11BE77000882D0 /* Tag.swift */ = {isa = PBXFileReference; lastKnownFileType = sourcecode.swift; path = Tag.swift; sourceTree = "<group>"; };
		FC40EDFC2B11BF98000882D0 /* TestViewController.swift */ = {isa = PBXFileReference; lastKnownFileType = sourcecode.swift; path = TestViewController.swift; sourceTree = "<group>"; };
		FC40EDFE2B11BFAA000882D0 /* TestView.swift */ = {isa = PBXFileReference; lastKnownFileType = sourcecode.swift; path = TestView.swift; sourceTree = "<group>"; };
		FC40EE002B11C37E000882D0 /* GoogleService-Info.plist */ = {isa = PBXFileReference; fileEncoding = 4; lastKnownFileType = text.plist.xml; path = "GoogleService-Info.plist"; sourceTree = "<group>"; };
		FC40EE0E2B11C578000882D0 /* Conversation.swift */ = {isa = PBXFileReference; lastKnownFileType = sourcecode.swift; path = Conversation.swift; sourceTree = "<group>"; };
		FC40EE102B11C598000882D0 /* MessageDAO.swift */ = {isa = PBXFileReference; lastKnownFileType = sourcecode.swift; path = MessageDAO.swift; sourceTree = "<group>"; };
		FCB896652B09CA240042535C /* CS5520-Traverl-Oracle.app */ = {isa = PBXFileReference; explicitFileType = wrapper.application; includeInIndex = 0; path = "CS5520-Traverl-Oracle.app"; sourceTree = BUILT_PRODUCTS_DIR; };
		FCB896682B09CA240042535C /* AppDelegate.swift */ = {isa = PBXFileReference; lastKnownFileType = sourcecode.swift; path = AppDelegate.swift; sourceTree = "<group>"; };
		FCB8966A2B09CA240042535C /* SceneDelegate.swift */ = {isa = PBXFileReference; lastKnownFileType = sourcecode.swift; path = SceneDelegate.swift; sourceTree = "<group>"; };
		FCB8966F2B09CA240042535C /* Base */ = {isa = PBXFileReference; lastKnownFileType = file.storyboard; name = Base; path = Base.lproj/Main.storyboard; sourceTree = "<group>"; };
		FCB896712B09CA250042535C /* Assets.xcassets */ = {isa = PBXFileReference; lastKnownFileType = folder.assetcatalog; path = Assets.xcassets; sourceTree = "<group>"; };
		FCB896742B09CA250042535C /* Base */ = {isa = PBXFileReference; lastKnownFileType = file.storyboard; name = Base; path = Base.lproj/LaunchScreen.storyboard; sourceTree = "<group>"; };
		FCB896762B09CA250042535C /* Info.plist */ = {isa = PBXFileReference; lastKnownFileType = text.plist.xml; path = Info.plist; sourceTree = "<group>"; };
		FCB8968C2B09D4BF0042535C /* WelcomeViewController.swift */ = {isa = PBXFileReference; lastKnownFileType = sourcecode.swift; path = WelcomeViewController.swift; sourceTree = "<group>"; };
		FCB8968E2B09D54F0042535C /* WelcomeView.swift */ = {isa = PBXFileReference; lastKnownFileType = sourcecode.swift; path = WelcomeView.swift; sourceTree = "<group>"; };
		FCB896902B09D85E0042535C /* ProgressSpinnerDelegate.swift */ = {isa = PBXFileReference; lastKnownFileType = sourcecode.swift; path = ProgressSpinnerDelegate.swift; sourceTree = "<group>"; };
		FCB896922B09D8980042535C /* ProgressSpinnerViewController.swift */ = {isa = PBXFileReference; lastKnownFileType = sourcecode.swift; path = ProgressSpinnerViewController.swift; sourceTree = "<group>"; };
		FCB896942B09D8DB0042535C /* DBManager.swift */ = {isa = PBXFileReference; lastKnownFileType = sourcecode.swift; path = DBManager.swift; sourceTree = "<group>"; };
/* End PBXFileReference section */

/* Begin PBXFrameworksBuildPhase section */
		FCB896622B09CA240042535C /* Frameworks */ = {
			isa = PBXFrameworksBuildPhase;
			buildActionMask = 2147483647;
			files = (
				FC40EE052B11C4D8000882D0 /* FirebaseAnalytics in Frameworks */,
				FC40EE072B11C4D8000882D0 /* FirebaseAuth in Frameworks */,
				FC40EE092B11C4D8000882D0 /* FirebaseFirestore in Frameworks */,
				FC40EE0D2B11C4D8000882D0 /* FirebaseStorage in Frameworks */,
				FC40EE0B2B11C4D8000882D0 /* FirebaseFirestoreSwift in Frameworks */,
			);
			runOnlyForDeploymentPostprocessing = 0;
		};
/* End PBXFrameworksBuildPhase section */

/* Begin PBXGroup section */
		3412A9CD2B167E4F0025733F /* AddPlaceScreen */ = {
			isa = PBXGroup;
			children = (
				3412A9CE2B167E750025733F /* AddPlaceView.swift */,
				3412A9D02B167EA70025733F /* AddPlaceViewController.swift */,
			);
			path = AddPlaceScreen;
			sourceTree = "<group>";
		};
		3412A9D22B167EBA0025733F /* FilterScreen */ = {
			isa = PBXGroup;
			children = (
				3412A9D32B167EE00025733F /* FilterScreenViewController.swift */,
				3412A9D52B167EF90025733F /* FilterScreenView.swift */,
				3412A9D72B167F140025733F /* FilterScreenTableViewCell.swift */,
			);
			path = FilterScreen;
			sourceTree = "<group>";
		};
		3E058DE22B1289BE004F6F99 /* AddReviewScreen */ = {
			isa = PBXGroup;
			children = (
				3E058DE32B1289E7004F6F99 /* AddReviewView.swift */,
				3E058DE52B1289F8004F6F99 /* AddReviewViewController.swift */,
			);
			path = AddReviewScreen;
			sourceTree = "<group>";
		};
		FC40EDFB2B11BF76000882D0 /* TestScreen */ = {
			isa = PBXGroup;
			children = (
				FC40EDFC2B11BF98000882D0 /* TestViewController.swift */,
				FC40EDFE2B11BFAA000882D0 /* TestView.swift */,
			);
			path = TestScreen;
			sourceTree = "<group>";
		};
		FC40EE032B11C4D8000882D0 /* Frameworks */ = {
			isa = PBXGroup;
			children = (
			);
			name = Frameworks;
			sourceTree = "<group>";
		};
		FCB8965C2B09CA240042535C = {
			isa = PBXGroup;
			children = (
				FCB896672B09CA240042535C /* CS5520-Traverl-Oracle */,
				FCB896662B09CA240042535C /* Products */,
				FC40EE032B11C4D8000882D0 /* Frameworks */,
			);
			sourceTree = "<group>";
		};
		FCB896662B09CA240042535C /* Products */ = {
			isa = PBXGroup;
			children = (
				FCB896652B09CA240042535C /* CS5520-Traverl-Oracle.app */,
			);
			name = Products;
			sourceTree = "<group>";
		};
		FCB896672B09CA240042535C /* CS5520-Traverl-Oracle */ = {
			isa = PBXGroup;
			children = (
				FCB896882B09D2DC0042535C /* Screens */,
				FCB8967F2B09CAF00042535C /* Storyboard */,
				FCB8967E2B09CACE0042535C /* Resources */,
				FCB8967D2B09CAB30042535C /* Utility */,
				FCB8967C2B09CAAA0042535C /* Models */,
				FCB896762B09CA250042535C /* Info.plist */,
				FC40EE002B11C37E000882D0 /* GoogleService-Info.plist */,
			);
			path = "CS5520-Traverl-Oracle";
			sourceTree = "<group>";
		};
		FCB8967C2B09CAAA0042535C /* Models */ = {
			isa = PBXGroup;
			children = (
				349696772B0B1E8500E687E0 /* User.swift */,
				FC40EDF72B11AF41000882D0 /* Store.swift */,
				FC40EDF92B11BE77000882D0 /* Tag.swift */,
				FC40EE0E2B11C578000882D0 /* Conversation.swift */,
				FC40EE102B11C598000882D0 /* MessageDAO.swift */,
			);
			path = Models;
			sourceTree = "<group>";
		};
		FCB8967D2B09CAB30042535C /* Utility */ = {
			isa = PBXGroup;
			children = (
				3ECFEEBB2B09E47E00D05969 /* AlertUtil.swift */,
				FCB896872B09CF3C0042535C /* ProgressIndicator */,
				FCB896862B09CF2C0042535C /* Formatter */,
				FCB896852B09CF220042535C /* Database */,
				FCB896842B09CF130042535C /* Auth */,
				3ECFEEBD2B09E4A100D05969 /* Constants.swift */,
				349696792B0B1EDA00E687E0 /* UIElementUtil.swift */,
				3E058DE72B12A1FC004F6F99 /* UIColorExtension.swift */,
			);
			path = Utility;
			sourceTree = "<group>";
		};
		FCB8967E2B09CACE0042535C /* Resources */ = {
			isa = PBXGroup;
			children = (
				FCB896682B09CA240042535C /* AppDelegate.swift */,
				FCB8966A2B09CA240042535C /* SceneDelegate.swift */,
			);
			path = Resources;
			sourceTree = "<group>";
		};
		FCB8967F2B09CAF00042535C /* Storyboard */ = {
			isa = PBXGroup;
			children = (
				FCB896712B09CA250042535C /* Assets.xcassets */,
				FCB8966E2B09CA240042535C /* Main.storyboard */,
				FCB896732B09CA250042535C /* LaunchScreen.storyboard */,
			);
			path = Storyboard;
			sourceTree = "<group>";
		};
		FCB896842B09CF130042535C /* Auth */ = {
			isa = PBXGroup;
			children = (
				349696752B0B1E2F00E687E0 /* AuthManager.swift */,
			);
			path = Auth;
			sourceTree = "<group>";
		};
		FCB896852B09CF220042535C /* Database */ = {
			isa = PBXGroup;
			children = (
				FCB896942B09D8DB0042535C /* DBManager.swift */,
			);
			path = Database;
			sourceTree = "<group>";
		};
		FCB896862B09CF2C0042535C /* Formatter */ = {
			isa = PBXGroup;
			children = (
				3ECFEEB92B09E42600D05969 /* DataFormatter.swift */,
			);
			path = Formatter;
			sourceTree = "<group>";
		};
		FCB896872B09CF3C0042535C /* ProgressIndicator */ = {
			isa = PBXGroup;
			children = (
				FCB896902B09D85E0042535C /* ProgressSpinnerDelegate.swift */,
				FCB896922B09D8980042535C /* ProgressSpinnerViewController.swift */,
			);
			path = ProgressIndicator;
			sourceTree = "<group>";
		};
		FCB896882B09D2DC0042535C /* Screens */ = {
			isa = PBXGroup;
			children = (
				3412A9D22B167EBA0025733F /* FilterScreen */,
				3412A9CD2B167E4F0025733F /* AddPlaceScreen */,
				3E058DE22B1289BE004F6F99 /* AddReviewScreen */,
				FC40EDFB2B11BF76000882D0 /* TestScreen */,
				FCB8968B2B09D3080042535C /* RegisterScreen */,
				FCB8968A2B09D2FD0042535C /* LoginScreen */,
				FCB896892B09D2F30042535C /* WelcomeScreen */,
			);
			path = Screens;
			sourceTree = "<group>";
		};
		FCB896892B09D2F30042535C /* WelcomeScreen */ = {
			isa = PBXGroup;
			children = (
				FCB8968C2B09D4BF0042535C /* WelcomeViewController.swift */,
				FCB8968E2B09D54F0042535C /* WelcomeView.swift */,
			);
			path = WelcomeScreen;
			sourceTree = "<group>";
		};
		FCB8968A2B09D2FD0042535C /* LoginScreen */ = {
			isa = PBXGroup;
			children = (
				3ECFEEB52B09E34700D05969 /* LoginView.swift */,
				3ECFEEB72B09E3B800D05969 /* LoginViewController.swift */,
			);
			path = LoginScreen;
			sourceTree = "<group>";
		};
		FCB8968B2B09D3080042535C /* RegisterScreen */ = {
			isa = PBXGroup;
			children = (
				3496966F2B0B1BAC00E687E0 /* RegisterViewController.swift */,
				349696712B0B1CFD00E687E0 /* RegisterView.swift */,
			);
			path = RegisterScreen;
			sourceTree = "<group>";
		};
/* End PBXGroup section */

/* Begin PBXNativeTarget section */
		FCB896642B09CA240042535C /* CS5520-Traverl-Oracle */ = {
			isa = PBXNativeTarget;
			buildConfigurationList = FCB896792B09CA250042535C /* Build configuration list for PBXNativeTarget "CS5520-Traverl-Oracle" */;
			buildPhases = (
				FCB896612B09CA240042535C /* Sources */,
				FCB896622B09CA240042535C /* Frameworks */,
				FCB896632B09CA240042535C /* Resources */,
			);
			buildRules = (
			);
			dependencies = (
			);
			name = "CS5520-Traverl-Oracle";
			packageProductDependencies = (
				FC40EE042B11C4D8000882D0 /* FirebaseAnalytics */,
				FC40EE062B11C4D8000882D0 /* FirebaseAuth */,
				FC40EE082B11C4D8000882D0 /* FirebaseFirestore */,
				FC40EE0A2B11C4D8000882D0 /* FirebaseFirestoreSwift */,
				FC40EE0C2B11C4D8000882D0 /* FirebaseStorage */,
			);
			productName = "CS5520-Traverl-Oracle";
			productReference = FCB896652B09CA240042535C /* CS5520-Traverl-Oracle.app */;
			productType = "com.apple.product-type.application";
		};
/* End PBXNativeTarget section */

/* Begin PBXProject section */
		FCB8965D2B09CA240042535C /* Project object */ = {
			isa = PBXProject;
			attributes = {
				BuildIndependentTargetsInParallel = 1;
				LastSwiftUpdateCheck = 1500;
				LastUpgradeCheck = 1500;
				TargetAttributes = {
					FCB896642B09CA240042535C = {
						CreatedOnToolsVersion = 15.0.1;
					};
				};
			};
			buildConfigurationList = FCB896602B09CA240042535C /* Build configuration list for PBXProject "CS5520-Traverl-Oracle" */;
			compatibilityVersion = "Xcode 14.0";
			developmentRegion = en;
			hasScannedForEncodings = 0;
			knownRegions = (
				en,
				Base,
			);
			mainGroup = FCB8965C2B09CA240042535C;
			packageReferences = (
				FC40EE022B11C434000882D0 /* XCRemoteSwiftPackageReference "firebase-ios-sdk" */,
			);
			productRefGroup = FCB896662B09CA240042535C /* Products */;
			projectDirPath = "";
			projectRoot = "";
			targets = (
				FCB896642B09CA240042535C /* CS5520-Traverl-Oracle */,
			);
		};
/* End PBXProject section */

/* Begin PBXResourcesBuildPhase section */
		FCB896632B09CA240042535C /* Resources */ = {
			isa = PBXResourcesBuildPhase;
			buildActionMask = 2147483647;
			files = (
				FCB896752B09CA250042535C /* LaunchScreen.storyboard in Resources */,
				FC40EE012B11C37E000882D0 /* GoogleService-Info.plist in Resources */,
				FCB896722B09CA250042535C /* Assets.xcassets in Resources */,
				FCB896702B09CA240042535C /* Main.storyboard in Resources */,
			);
			runOnlyForDeploymentPostprocessing = 0;
		};
/* End PBXResourcesBuildPhase section */

/* Begin PBXSourcesBuildPhase section */
		FCB896612B09CA240042535C /* Sources */ = {
			isa = PBXSourcesBuildPhase;
			buildActionMask = 2147483647;
			files = (
				FC40EDFF2B11BFAA000882D0 /* TestView.swift in Sources */,
				3ECFEEBC2B09E47E00D05969 /* AlertUtil.swift in Sources */,
				3ECFEEB82B09E3B800D05969 /* LoginViewController.swift in Sources */,
				3412A9D42B167EE00025733F /* FilterScreenViewController.swift in Sources */,
				3412A9D62B167EF90025733F /* FilterScreenView.swift in Sources */,
				FCB896912B09D85E0042535C /* ProgressSpinnerDelegate.swift in Sources */,
				FC40EDF82B11AF41000882D0 /* Store.swift in Sources */,
				FC40EE112B11C598000882D0 /* MessageDAO.swift in Sources */,
				349696722B0B1CFD00E687E0 /* RegisterView.swift in Sources */,
				349696782B0B1E8500E687E0 /* User.swift in Sources */,
				3412A9CF2B167E750025733F /* AddPlaceView.swift in Sources */,
				349696762B0B1E2F00E687E0 /* AuthManager.swift in Sources */,
				FCB8968D2B09D4BF0042535C /* WelcomeViewController.swift in Sources */,
				FCB896692B09CA240042535C /* AppDelegate.swift in Sources */,
				3496967A2B0B1EDA00E687E0 /* UIElementUtil.swift in Sources */,
				FC40EDFD2B11BF98000882D0 /* TestViewController.swift in Sources */,
				FCB8966B2B09CA240042535C /* SceneDelegate.swift in Sources */,
				FC40EDFA2B11BE77000882D0 /* Tag.swift in Sources */,
				3412A9D12B167EA70025733F /* AddPlaceViewController.swift in Sources */,
				FCB8968F2B09D54F0042535C /* WelcomeView.swift in Sources */,
				3ECFEEBA2B09E42600D05969 /* DataFormatter.swift in Sources */,
				FC40EE0F2B11C578000882D0 /* Conversation.swift in Sources */,
				3412A9D82B167F140025733F /* FilterScreenTableViewCell.swift in Sources */,
				3E058DE62B1289F8004F6F99 /* AddReviewViewController.swift in Sources */,
				3E058DE82B12A1FC004F6F99 /* UIColorExtension.swift in Sources */,
				FCB896932B09D8980042535C /* ProgressSpinnerViewController.swift in Sources */,
				3ECFEEB62B09E34700D05969 /* LoginView.swift in Sources */,
				3E058DE42B1289E7004F6F99 /* AddReviewView.swift in Sources */,
				349696702B0B1BAC00E687E0 /* RegisterViewController.swift in Sources */,
				FCB896952B09D8DB0042535C /* DBManager.swift in Sources */,
				3ECFEEBE2B09E4A100D05969 /* Constants.swift in Sources */,
			);
			runOnlyForDeploymentPostprocessing = 0;
		};
/* End PBXSourcesBuildPhase section */

/* Begin PBXVariantGroup section */
		FCB8966E2B09CA240042535C /* Main.storyboard */ = {
			isa = PBXVariantGroup;
			children = (
				FCB8966F2B09CA240042535C /* Base */,
			);
			name = Main.storyboard;
			sourceTree = "<group>";
		};
		FCB896732B09CA250042535C /* LaunchScreen.storyboard */ = {
			isa = PBXVariantGroup;
			children = (
				FCB896742B09CA250042535C /* Base */,
			);
			name = LaunchScreen.storyboard;
			sourceTree = "<group>";
		};
/* End PBXVariantGroup section */

/* Begin XCBuildConfiguration section */
		FCB896772B09CA250042535C /* Debug */ = {
			isa = XCBuildConfiguration;
			buildSettings = {
				ALWAYS_SEARCH_USER_PATHS = NO;
				ASSETCATALOG_COMPILER_GENERATE_SWIFT_ASSET_SYMBOL_EXTENSIONS = YES;
				CLANG_ANALYZER_NONNULL = YES;
				CLANG_ANALYZER_NUMBER_OBJECT_CONVERSION = YES_AGGRESSIVE;
				CLANG_CXX_LANGUAGE_STANDARD = "gnu++20";
				CLANG_ENABLE_MODULES = YES;
				CLANG_ENABLE_OBJC_ARC = YES;
				CLANG_ENABLE_OBJC_WEAK = YES;
				CLANG_WARN_BLOCK_CAPTURE_AUTORELEASING = YES;
				CLANG_WARN_BOOL_CONVERSION = YES;
				CLANG_WARN_COMMA = YES;
				CLANG_WARN_CONSTANT_CONVERSION = YES;
				CLANG_WARN_DEPRECATED_OBJC_IMPLEMENTATIONS = YES;
				CLANG_WARN_DIRECT_OBJC_ISA_USAGE = YES_ERROR;
				CLANG_WARN_DOCUMENTATION_COMMENTS = YES;
				CLANG_WARN_EMPTY_BODY = YES;
				CLANG_WARN_ENUM_CONVERSION = YES;
				CLANG_WARN_INFINITE_RECURSION = YES;
				CLANG_WARN_INT_CONVERSION = YES;
				CLANG_WARN_NON_LITERAL_NULL_CONVERSION = YES;
				CLANG_WARN_OBJC_IMPLICIT_RETAIN_SELF = YES;
				CLANG_WARN_OBJC_LITERAL_CONVERSION = YES;
				CLANG_WARN_OBJC_ROOT_CLASS = YES_ERROR;
				CLANG_WARN_QUOTED_INCLUDE_IN_FRAMEWORK_HEADER = YES;
				CLANG_WARN_RANGE_LOOP_ANALYSIS = YES;
				CLANG_WARN_STRICT_PROTOTYPES = YES;
				CLANG_WARN_SUSPICIOUS_MOVE = YES;
				CLANG_WARN_UNGUARDED_AVAILABILITY = YES_AGGRESSIVE;
				CLANG_WARN_UNREACHABLE_CODE = YES;
				CLANG_WARN__DUPLICATE_METHOD_MATCH = YES;
				COPY_PHASE_STRIP = NO;
				DEBUG_INFORMATION_FORMAT = dwarf;
				ENABLE_STRICT_OBJC_MSGSEND = YES;
				ENABLE_TESTABILITY = YES;
				ENABLE_USER_SCRIPT_SANDBOXING = YES;
				GCC_C_LANGUAGE_STANDARD = gnu17;
				GCC_DYNAMIC_NO_PIC = NO;
				GCC_NO_COMMON_BLOCKS = YES;
				GCC_OPTIMIZATION_LEVEL = 0;
				GCC_PREPROCESSOR_DEFINITIONS = (
					"DEBUG=1",
					"$(inherited)",
				);
				GCC_WARN_64_TO_32_BIT_CONVERSION = YES;
				GCC_WARN_ABOUT_RETURN_TYPE = YES_ERROR;
				GCC_WARN_UNDECLARED_SELECTOR = YES;
				GCC_WARN_UNINITIALIZED_AUTOS = YES_AGGRESSIVE;
				GCC_WARN_UNUSED_FUNCTION = YES;
				GCC_WARN_UNUSED_VARIABLE = YES;
				IPHONEOS_DEPLOYMENT_TARGET = 17.0;
				LOCALIZATION_PREFERS_STRING_CATALOGS = YES;
				MTL_ENABLE_DEBUG_INFO = INCLUDE_SOURCE;
				MTL_FAST_MATH = YES;
				ONLY_ACTIVE_ARCH = YES;
				SDKROOT = iphoneos;
				SWIFT_ACTIVE_COMPILATION_CONDITIONS = "DEBUG $(inherited)";
				SWIFT_OPTIMIZATION_LEVEL = "-Onone";
			};
			name = Debug;
		};
		FCB896782B09CA250042535C /* Release */ = {
			isa = XCBuildConfiguration;
			buildSettings = {
				ALWAYS_SEARCH_USER_PATHS = NO;
				ASSETCATALOG_COMPILER_GENERATE_SWIFT_ASSET_SYMBOL_EXTENSIONS = YES;
				CLANG_ANALYZER_NONNULL = YES;
				CLANG_ANALYZER_NUMBER_OBJECT_CONVERSION = YES_AGGRESSIVE;
				CLANG_CXX_LANGUAGE_STANDARD = "gnu++20";
				CLANG_ENABLE_MODULES = YES;
				CLANG_ENABLE_OBJC_ARC = YES;
				CLANG_ENABLE_OBJC_WEAK = YES;
				CLANG_WARN_BLOCK_CAPTURE_AUTORELEASING = YES;
				CLANG_WARN_BOOL_CONVERSION = YES;
				CLANG_WARN_COMMA = YES;
				CLANG_WARN_CONSTANT_CONVERSION = YES;
				CLANG_WARN_DEPRECATED_OBJC_IMPLEMENTATIONS = YES;
				CLANG_WARN_DIRECT_OBJC_ISA_USAGE = YES_ERROR;
				CLANG_WARN_DOCUMENTATION_COMMENTS = YES;
				CLANG_WARN_EMPTY_BODY = YES;
				CLANG_WARN_ENUM_CONVERSION = YES;
				CLANG_WARN_INFINITE_RECURSION = YES;
				CLANG_WARN_INT_CONVERSION = YES;
				CLANG_WARN_NON_LITERAL_NULL_CONVERSION = YES;
				CLANG_WARN_OBJC_IMPLICIT_RETAIN_SELF = YES;
				CLANG_WARN_OBJC_LITERAL_CONVERSION = YES;
				CLANG_WARN_OBJC_ROOT_CLASS = YES_ERROR;
				CLANG_WARN_QUOTED_INCLUDE_IN_FRAMEWORK_HEADER = YES;
				CLANG_WARN_RANGE_LOOP_ANALYSIS = YES;
				CLANG_WARN_STRICT_PROTOTYPES = YES;
				CLANG_WARN_SUSPICIOUS_MOVE = YES;
				CLANG_WARN_UNGUARDED_AVAILABILITY = YES_AGGRESSIVE;
				CLANG_WARN_UNREACHABLE_CODE = YES;
				CLANG_WARN__DUPLICATE_METHOD_MATCH = YES;
				COPY_PHASE_STRIP = NO;
				DEBUG_INFORMATION_FORMAT = "dwarf-with-dsym";
				ENABLE_NS_ASSERTIONS = NO;
				ENABLE_STRICT_OBJC_MSGSEND = YES;
				ENABLE_USER_SCRIPT_SANDBOXING = YES;
				GCC_C_LANGUAGE_STANDARD = gnu17;
				GCC_NO_COMMON_BLOCKS = YES;
				GCC_WARN_64_TO_32_BIT_CONVERSION = YES;
				GCC_WARN_ABOUT_RETURN_TYPE = YES_ERROR;
				GCC_WARN_UNDECLARED_SELECTOR = YES;
				GCC_WARN_UNINITIALIZED_AUTOS = YES_AGGRESSIVE;
				GCC_WARN_UNUSED_FUNCTION = YES;
				GCC_WARN_UNUSED_VARIABLE = YES;
				IPHONEOS_DEPLOYMENT_TARGET = 17.0;
				LOCALIZATION_PREFERS_STRING_CATALOGS = YES;
				MTL_ENABLE_DEBUG_INFO = NO;
				MTL_FAST_MATH = YES;
				SDKROOT = iphoneos;
				SWIFT_COMPILATION_MODE = wholemodule;
				VALIDATE_PRODUCT = YES;
			};
			name = Release;
		};
		FCB8967A2B09CA250042535C /* Debug */ = {
			isa = XCBuildConfiguration;
			buildSettings = {
				ASSETCATALOG_COMPILER_APPICON_NAME = AppIcon;
				ASSETCATALOG_COMPILER_GLOBAL_ACCENT_COLOR_NAME = AccentColor;
				CODE_SIGN_STYLE = Automatic;
				CURRENT_PROJECT_VERSION = 1;
				DEVELOPMENT_TEAM = P39ZA9AK6M;
				GENERATE_INFOPLIST_FILE = YES;
				INFOPLIST_FILE = "CS5520-Traverl-Oracle/Info.plist";
				INFOPLIST_KEY_UIApplicationSupportsIndirectInputEvents = YES;
				INFOPLIST_KEY_UILaunchStoryboardName = LaunchScreen;
				INFOPLIST_KEY_UIMainStoryboardFile = Main;
				INFOPLIST_KEY_UISupportedInterfaceOrientations_iPad = "UIInterfaceOrientationPortrait UIInterfaceOrientationPortraitUpsideDown UIInterfaceOrientationLandscapeLeft UIInterfaceOrientationLandscapeRight";
				INFOPLIST_KEY_UISupportedInterfaceOrientations_iPhone = "UIInterfaceOrientationPortrait UIInterfaceOrientationLandscapeLeft UIInterfaceOrientationLandscapeRight";
				LD_RUNPATH_SEARCH_PATHS = (
					"$(inherited)",
					"@executable_path/Frameworks",
				);
				MARKETING_VERSION = 1.0;
				PRODUCT_BUNDLE_IDENTIFIER = "com.neuios.CS5520-Traverl-Oracle";
				PRODUCT_NAME = "$(TARGET_NAME)";
				SWIFT_EMIT_LOC_STRINGS = YES;
				SWIFT_VERSION = 5.0;
				TARGETED_DEVICE_FAMILY = "1,2";
			};
			name = Debug;
		};
		FCB8967B2B09CA250042535C /* Release */ = {
			isa = XCBuildConfiguration;
			buildSettings = {
				ASSETCATALOG_COMPILER_APPICON_NAME = AppIcon;
				ASSETCATALOG_COMPILER_GLOBAL_ACCENT_COLOR_NAME = AccentColor;
				CODE_SIGN_STYLE = Automatic;
				CURRENT_PROJECT_VERSION = 1;
				DEVELOPMENT_TEAM = P39ZA9AK6M;
				GENERATE_INFOPLIST_FILE = YES;
				INFOPLIST_FILE = "CS5520-Traverl-Oracle/Info.plist";
				INFOPLIST_KEY_UIApplicationSupportsIndirectInputEvents = YES;
				INFOPLIST_KEY_UILaunchStoryboardName = LaunchScreen;
				INFOPLIST_KEY_UIMainStoryboardFile = Main;
				INFOPLIST_KEY_UISupportedInterfaceOrientations_iPad = "UIInterfaceOrientationPortrait UIInterfaceOrientationPortraitUpsideDown UIInterfaceOrientationLandscapeLeft UIInterfaceOrientationLandscapeRight";
				INFOPLIST_KEY_UISupportedInterfaceOrientations_iPhone = "UIInterfaceOrientationPortrait UIInterfaceOrientationLandscapeLeft UIInterfaceOrientationLandscapeRight";
				LD_RUNPATH_SEARCH_PATHS = (
					"$(inherited)",
					"@executable_path/Frameworks",
				);
				MARKETING_VERSION = 1.0;
				PRODUCT_BUNDLE_IDENTIFIER = "com.neuios.CS5520-Traverl-Oracle";
				PRODUCT_NAME = "$(TARGET_NAME)";
				SWIFT_EMIT_LOC_STRINGS = YES;
				SWIFT_VERSION = 5.0;
				TARGETED_DEVICE_FAMILY = "1,2";
			};
			name = Release;
		};
/* End XCBuildConfiguration section */

/* Begin XCConfigurationList section */
		FCB896602B09CA240042535C /* Build configuration list for PBXProject "CS5520-Traverl-Oracle" */ = {
			isa = XCConfigurationList;
			buildConfigurations = (
				FCB896772B09CA250042535C /* Debug */,
				FCB896782B09CA250042535C /* Release */,
			);
			defaultConfigurationIsVisible = 0;
			defaultConfigurationName = Release;
		};
		FCB896792B09CA250042535C /* Build configuration list for PBXNativeTarget "CS5520-Traverl-Oracle" */ = {
			isa = XCConfigurationList;
			buildConfigurations = (
				FCB8967A2B09CA250042535C /* Debug */,
				FCB8967B2B09CA250042535C /* Release */,
			);
			defaultConfigurationIsVisible = 0;
			defaultConfigurationName = Release;
		};
/* End XCConfigurationList section */

/* Begin XCRemoteSwiftPackageReference section */
		FC40EE022B11C434000882D0 /* XCRemoteSwiftPackageReference "firebase-ios-sdk" */ = {
			isa = XCRemoteSwiftPackageReference;
			repositoryURL = "https://github.com/firebase/firebase-ios-sdk.git";
			requirement = {
				kind = upToNextMajorVersion;
				minimumVersion = 10.18.0;
			};
		};
/* End XCRemoteSwiftPackageReference section */

/* Begin XCSwiftPackageProductDependency section */
		FC40EE042B11C4D8000882D0 /* FirebaseAnalytics */ = {
			isa = XCSwiftPackageProductDependency;
			package = FC40EE022B11C434000882D0 /* XCRemoteSwiftPackageReference "firebase-ios-sdk" */;
			productName = FirebaseAnalytics;
		};
		FC40EE062B11C4D8000882D0 /* FirebaseAuth */ = {
			isa = XCSwiftPackageProductDependency;
			package = FC40EE022B11C434000882D0 /* XCRemoteSwiftPackageReference "firebase-ios-sdk" */;
			productName = FirebaseAuth;
		};
		FC40EE082B11C4D8000882D0 /* FirebaseFirestore */ = {
			isa = XCSwiftPackageProductDependency;
			package = FC40EE022B11C434000882D0 /* XCRemoteSwiftPackageReference "firebase-ios-sdk" */;
			productName = FirebaseFirestore;
		};
		FC40EE0A2B11C4D8000882D0 /* FirebaseFirestoreSwift */ = {
			isa = XCSwiftPackageProductDependency;
			package = FC40EE022B11C434000882D0 /* XCRemoteSwiftPackageReference "firebase-ios-sdk" */;
			productName = FirebaseFirestoreSwift;
		};
		FC40EE0C2B11C4D8000882D0 /* FirebaseStorage */ = {
			isa = XCSwiftPackageProductDependency;
			package = FC40EE022B11C434000882D0 /* XCRemoteSwiftPackageReference "firebase-ios-sdk" */;
			productName = FirebaseStorage;
		};
/* End XCSwiftPackageProductDependency section */
	};
	rootObject = FCB8965D2B09CA240042535C /* Project object */;
}
