// !$*UTF8*$!
{
	archiveVersion = 1;
	classes = {
	};
	objectVersion = 56;
	objects = {

/* Begin PBXBuildFile section */
		3412A9CF2B167E750025733F /* AddPlaceView.swift in Sources */ = {isa = PBXBuildFile; fileRef = 3412A9CE2B167E750025733F /* AddPlaceView.swift */; };
		3412A9D12B167EA70025733F /* AddPlaceViewController.swift in Sources */ = {isa = PBXBuildFile; fileRef = 3412A9D02B167EA70025733F /* AddPlaceViewController.swift */; };
		3412A9D42B167EE00025733F /* FilterScreenViewController.swift in Sources */ = {isa = PBXBuildFile; fileRef = 3412A9D32B167EE00025733F /* FilterScreenViewController.swift */; };
		3412A9D62B167EF90025733F /* FilterScreenView.swift in Sources */ = {isa = PBXBuildFile; fileRef = 3412A9D52B167EF90025733F /* FilterScreenView.swift */; };
		3412A9D82B167F140025733F /* FilterScreenTableViewCell.swift in Sources */ = {isa = PBXBuildFile; fileRef = 3412A9D72B167F140025733F /* FilterScreenTableViewCell.swift */; };
		342108812B1DCB71009516E1 /* SavedStoreViewController.swift in Sources */ = {isa = PBXBuildFile; fileRef = 342108802B1DCB71009516E1 /* SavedStoreViewController.swift */; };
		342108832B1DCB7F009516E1 /* SavedStoreView.swift in Sources */ = {isa = PBXBuildFile; fileRef = 342108822B1DCB7F009516E1 /* SavedStoreView.swift */; };
		342108862B1DCBA0009516E1 /* SavedStoreScreenTableViewCell.swift in Sources */ = {isa = PBXBuildFile; fileRef = 342108852B1DCBA0009516E1 /* SavedStoreScreenTableViewCell.swift */; };
		3457A34F2B1E6226005FC264 /* Location.swift in Sources */ = {isa = PBXBuildFile; fileRef = 3457A34E2B1E6226005FC264 /* Location.swift */; };
		349696702B0B1BAC00E687E0 /* RegisterViewController.swift in Sources */ = {isa = PBXBuildFile; fileRef = 3496966F2B0B1BAC00E687E0 /* RegisterViewController.swift */; };
		349696722B0B1CFD00E687E0 /* RegisterView.swift in Sources */ = {isa = PBXBuildFile; fileRef = 349696712B0B1CFD00E687E0 /* RegisterView.swift */; };
		349696762B0B1E2F00E687E0 /* AuthManager.swift in Sources */ = {isa = PBXBuildFile; fileRef = 349696752B0B1E2F00E687E0 /* AuthManager.swift */; };
		349696782B0B1E8500E687E0 /* User.swift in Sources */ = {isa = PBXBuildFile; fileRef = 349696772B0B1E8500E687E0 /* User.swift */; };
		3496967A2B0B1EDA00E687E0 /* UIElementUtil.swift in Sources */ = {isa = PBXBuildFile; fileRef = 349696792B0B1EDA00E687E0 /* UIElementUtil.swift */; };
		34BA3F332B1A6D3D006C6A27 /* LocationScreenViewController.swift in Sources */ = {isa = PBXBuildFile; fileRef = 34BA3F322B1A6D3D006C6A27 /* LocationScreenViewController.swift */; };
		34BA3F352B1A6D61006C6A27 /* LocationScreenView.swift in Sources */ = {isa = PBXBuildFile; fileRef = 34BA3F342B1A6D61006C6A27 /* LocationScreenView.swift */; };
		3E058DE42B1289E7004F6F99 /* AddReviewView.swift in Sources */ = {isa = PBXBuildFile; fileRef = 3E058DE32B1289E7004F6F99 /* AddReviewView.swift */; };
		3E058DE62B1289F8004F6F99 /* AddReviewViewController.swift in Sources */ = {isa = PBXBuildFile; fileRef = 3E058DE52B1289F8004F6F99 /* AddReviewViewController.swift */; };
		3E058DE82B12A1FC004F6F99 /* UIColorExtension.swift in Sources */ = {isa = PBXBuildFile; fileRef = 3E058DE72B12A1FC004F6F99 /* UIColorExtension.swift */; };
		3E35C5072B17D5120020C725 /* CategoryImageButton.swift in Sources */ = {isa = PBXBuildFile; fileRef = 3E35C5062B17D5120020C725 /* CategoryImageButton.swift */; };
		3E35C50A2B17D5450020C725 /* CategoryView.swift in Sources */ = {isa = PBXBuildFile; fileRef = 3E35C5092B17D5450020C725 /* CategoryView.swift */; };
		3E35C50C2B17D55B0020C725 /* CategoryViewController.swift in Sources */ = {isa = PBXBuildFile; fileRef = 3E35C50B2B17D55B0020C725 /* CategoryViewController.swift */; };
		3E35C50F2B17E1820020C725 /* StoreListView.swift in Sources */ = {isa = PBXBuildFile; fileRef = 3E35C50E2B17E1820020C725 /* StoreListView.swift */; };
		3E35C5112B17E1900020C725 /* StoreListViewController.swift in Sources */ = {isa = PBXBuildFile; fileRef = 3E35C5102B17E1900020C725 /* StoreListViewController.swift */; };
		3E35C5132B17EAB40020C725 /* StoreTableViewCell.swift in Sources */ = {isa = PBXBuildFile; fileRef = 3E35C5122B17EAB40020C725 /* StoreTableViewCell.swift */; };
		3ECFEEB62B09E34700D05969 /* LoginView.swift in Sources */ = {isa = PBXBuildFile; fileRef = 3ECFEEB52B09E34700D05969 /* LoginView.swift */; };
		3ECFEEB82B09E3B800D05969 /* LoginViewController.swift in Sources */ = {isa = PBXBuildFile; fileRef = 3ECFEEB72B09E3B800D05969 /* LoginViewController.swift */; };
		3ECFEEBA2B09E42600D05969 /* DataFormatter.swift in Sources */ = {isa = PBXBuildFile; fileRef = 3ECFEEB92B09E42600D05969 /* DataFormatter.swift */; };
		3ECFEEBC2B09E47E00D05969 /* AlertUtil.swift in Sources */ = {isa = PBXBuildFile; fileRef = 3ECFEEBB2B09E47E00D05969 /* AlertUtil.swift */; };
		3ECFEEBE2B09E4A100D05969 /* Constants.swift in Sources */ = {isa = PBXBuildFile; fileRef = 3ECFEEBD2B09E4A100D05969 /* Constants.swift */; };
		FC40EDF82B11AF41000882D0 /* Store.swift in Sources */ = {isa = PBXBuildFile; fileRef = FC40EDF72B11AF41000882D0 /* Store.swift */; };
		FC40EDFA2B11BE77000882D0 /* Tag.swift in Sources */ = {isa = PBXBuildFile; fileRef = FC40EDF92B11BE77000882D0 /* Tag.swift */; };
		FC40EDFD2B11BF98000882D0 /* TestViewController.swift in Sources */ = {isa = PBXBuildFile; fileRef = FC40EDFC2B11BF98000882D0 /* TestViewController.swift */; };
		FC40EDFF2B11BFAA000882D0 /* TestView.swift in Sources */ = {isa = PBXBuildFile; fileRef = FC40EDFE2B11BFAA000882D0 /* TestView.swift */; };
		FC40EE012B11C37E000882D0 /* GoogleService-Info.plist in Resources */ = {isa = PBXBuildFile; fileRef = FC40EE002B11C37E000882D0 /* GoogleService-Info.plist */; };
		FC40EE052B11C4D8000882D0 /* FirebaseAnalytics in Frameworks */ = {isa = PBXBuildFile; productRef = FC40EE042B11C4D8000882D0 /* FirebaseAnalytics */; };
		FC40EE072B11C4D8000882D0 /* FirebaseAuth in Frameworks */ = {isa = PBXBuildFile; productRef = FC40EE062B11C4D8000882D0 /* FirebaseAuth */; };
		FC40EE092B11C4D8000882D0 /* FirebaseFirestore in Frameworks */ = {isa = PBXBuildFile; productRef = FC40EE082B11C4D8000882D0 /* FirebaseFirestore */; };
		FC40EE0B2B11C4D8000882D0 /* FirebaseFirestoreSwift in Frameworks */ = {isa = PBXBuildFile; productRef = FC40EE0A2B11C4D8000882D0 /* FirebaseFirestoreSwift */; };
		FC40EE0D2B11C4D8000882D0 /* FirebaseStorage in Frameworks */ = {isa = PBXBuildFile; productRef = FC40EE0C2B11C4D8000882D0 /* FirebaseStorage */; };
		FC40EE0F2B11C578000882D0 /* Conversation.swift in Sources */ = {isa = PBXBuildFile; fileRef = FC40EE0E2B11C578000882D0 /* Conversation.swift */; };
		FC40EE112B11C598000882D0 /* MessageDAO.swift in Sources */ = {isa = PBXBuildFile; fileRef = FC40EE102B11C598000882D0 /* MessageDAO.swift */; };
		FCB896692B09CA240042535C /* AppDelegate.swift in Sources */ = {isa = PBXBuildFile; fileRef = FCB896682B09CA240042535C /* AppDelegate.swift */; };
		FCB8966B2B09CA240042535C /* SceneDelegate.swift in Sources */ = {isa = PBXBuildFile; fileRef = FCB8966A2B09CA240042535C /* SceneDelegate.swift */; };
		FCB896702B09CA240042535C /* Main.storyboard in Resources */ = {isa = PBXBuildFile; fileRef = FCB8966E2B09CA240042535C /* Main.storyboard */; };
		FCB896722B09CA250042535C /* Assets.xcassets in Resources */ = {isa = PBXBuildFile; fileRef = FCB896712B09CA250042535C /* Assets.xcassets */; };
		FCB896752B09CA250042535C /* LaunchScreen.storyboard in Resources */ = {isa = PBXBuildFile; fileRef = FCB896732B09CA250042535C /* LaunchScreen.storyboard */; };
		FCB8968D2B09D4BF0042535C /* WelcomeViewController.swift in Sources */ = {isa = PBXBuildFile; fileRef = FCB8968C2B09D4BF0042535C /* WelcomeViewController.swift */; };
		FCB8968F2B09D54F0042535C /* WelcomeView.swift in Sources */ = {isa = PBXBuildFile; fileRef = FCB8968E2B09D54F0042535C /* WelcomeView.swift */; };
		FCB896912B09D85E0042535C /* ProgressSpinnerDelegate.swift in Sources */ = {isa = PBXBuildFile; fileRef = FCB896902B09D85E0042535C /* ProgressSpinnerDelegate.swift */; };
		FCB896932B09D8980042535C /* ProgressSpinnerViewController.swift in Sources */ = {isa = PBXBuildFile; fileRef = FCB896922B09D8980042535C /* ProgressSpinnerViewController.swift */; };
		FCB896952B09D8DB0042535C /* DBManager.swift in Sources */ = {isa = PBXBuildFile; fileRef = FCB896942B09D8DB0042535C /* DBManager.swift */; };
		FCBF29222B16916600C44BA1 /* StoreDetailView.swift in Sources */ = {isa = PBXBuildFile; fileRef = FCBF29212B16916600C44BA1 /* StoreDetailView.swift */; };
		FCBF29242B16917400C44BA1 /* StoreDetailViewController.swift in Sources */ = {isa = PBXBuildFile; fileRef = FCBF29232B16917400C44BA1 /* StoreDetailViewController.swift */; };
		FCBF29272B16BC7900C44BA1 /* ImageCarouselTableViewCell.swift in Sources */ = {isa = PBXBuildFile; fileRef = FCBF29262B16BC7900C44BA1 /* ImageCarouselTableViewCell.swift */; };
		FCBF29292B16BCE500C44BA1 /* StoreDescriptionTableViewCell.swift in Sources */ = {isa = PBXBuildFile; fileRef = FCBF29282B16BCE500C44BA1 /* StoreDescriptionTableViewCell.swift */; };
		FCBF292B2B16BD0700C44BA1 /* ReviewsTableViewCell.swift in Sources */ = {isa = PBXBuildFile; fileRef = FCBF292A2B16BD0700C44BA1 /* ReviewsTableViewCell.swift */; };
		FCBF292D2B16C6C700C44BA1 /* CarouselCollectionViewCell.swift in Sources */ = {isa = PBXBuildFile; fileRef = FCBF292C2B16C6C700C44BA1 /* CarouselCollectionViewCell.swift */; };
		FCBF29302B16F18600C44BA1 /* SDWebImage in Frameworks */ = {isa = PBXBuildFile; productRef = FCBF292F2B16F18600C44BA1 /* SDWebImage */; };
		FCBF29322B16F18600C44BA1 /* SDWebImageMapKit in Frameworks */ = {isa = PBXBuildFile; productRef = FCBF29312B16F18600C44BA1 /* SDWebImageMapKit */; };
		FCBF29342B17B8B600C44BA1 /* Review.swift in Sources */ = {isa = PBXBuildFile; fileRef = FCBF29332B17B8B600C44BA1 /* Review.swift */; };
		FCBF293A2B19ABD900C44BA1 /* MyProfileViewController.swift in Sources */ = {isa = PBXBuildFile; fileRef = FCBF29392B19ABD900C44BA1 /* MyProfileViewController.swift */; };
		FCBF293C2B19AC3C00C44BA1 /* MyProfileView.swift in Sources */ = {isa = PBXBuildFile; fileRef = FCBF293B2B19AC3C00C44BA1 /* MyProfileView.swift */; };
		FCBF293F2B19ACDC00C44BA1 /* EditProfileViewController.swift in Sources */ = {isa = PBXBuildFile; fileRef = FCBF293E2B19ACDC00C44BA1 /* EditProfileViewController.swift */; };
		FCBF29412B19ACF000C44BA1 /* EditProfileView.swift in Sources */ = {isa = PBXBuildFile; fileRef = FCBF29402B19ACF000C44BA1 /* EditProfileView.swift */; };
		FCBF29432B19AE6200C44BA1 /* OthersProfileView.swift in Sources */ = {isa = PBXBuildFile; fileRef = FCBF29422B19AE6200C44BA1 /* OthersProfileView.swift */; };
		FCBF29452B19AE7B00C44BA1 /* OthersProfileViewController.swift in Sources */ = {isa = PBXBuildFile; fileRef = FCBF29442B19AE7B00C44BA1 /* OthersProfileViewController.swift */; };
		FCBF29482B19BC7F00C44BA1 /* ConversationsViewController.swift in Sources */ = {isa = PBXBuildFile; fileRef = FCBF29472B19BC7F00C44BA1 /* ConversationsViewController.swift */; };
		FCBF294A2B19BC9500C44BA1 /* ConversationsView.swift in Sources */ = {isa = PBXBuildFile; fileRef = FCBF29492B19BC9500C44BA1 /* ConversationsView.swift */; };
		FCBF294C2B19BCA900C44BA1 /* ConversationsTableViewCell.swift in Sources */ = {isa = PBXBuildFile; fileRef = FCBF294B2B19BCA900C44BA1 /* ConversationsTableViewCell.swift */; };
		FCBF29512B1A8F5400C44BA1 /* MessageKit in Frameworks */ = {isa = PBXBuildFile; productRef = FCBF29502B1A8F5400C44BA1 /* MessageKit */; };
		FCBF29532B1A8F6800C44BA1 /* ConversationViewController.swift in Sources */ = {isa = PBXBuildFile; fileRef = FCBF29522B1A8F6800C44BA1 /* ConversationViewController.swift */; };
		FCBF29562B1A8FCA00C44BA1 /* MessageImageViewScreenViewController.swift in Sources */ = {isa = PBXBuildFile; fileRef = FCBF29552B1A8FCA00C44BA1 /* MessageImageViewScreenViewController.swift */; };
		FCBF29592B1C68C800C44BA1 /* ReviewDetailViewController.swift in Sources */ = {isa = PBXBuildFile; fileRef = FCBF29582B1C68C800C44BA1 /* ReviewDetailViewController.swift */; };
		FCBF295B2B1C68D900C44BA1 /* ReviewDetailView.swift in Sources */ = {isa = PBXBuildFile; fileRef = FCBF295A2B1C68D900C44BA1 /* ReviewDetailView.swift */; };
		FCBF295E2B1DB3BF00C44BA1 /* SearchStoreView.swift in Sources */ = {isa = PBXBuildFile; fileRef = FCBF295D2B1DB3BF00C44BA1 /* SearchStoreView.swift */; };
		FCBF29602B1DB3CE00C44BA1 /* SearchStoreViewController.swift in Sources */ = {isa = PBXBuildFile; fileRef = FCBF295F2B1DB3CE00C44BA1 /* SearchStoreViewController.swift */; };
		FCBF29622B1DB3E400C44BA1 /* SearchStoreTableViewCell.swift in Sources */ = {isa = PBXBuildFile; fileRef = FCBF29612B1DB3E400C44BA1 /* SearchStoreTableViewCell.swift */; };
/* End PBXBuildFile section */

/* Begin PBXFileReference section */
		3412A9CE2B167E750025733F /* AddPlaceView.swift */ = {isa = PBXFileReference; lastKnownFileType = sourcecode.swift; path = AddPlaceView.swift; sourceTree = "<group>"; };
		3412A9D02B167EA70025733F /* AddPlaceViewController.swift */ = {isa = PBXFileReference; lastKnownFileType = sourcecode.swift; path = AddPlaceViewController.swift; sourceTree = "<group>"; };
		3412A9D32B167EE00025733F /* FilterScreenViewController.swift */ = {isa = PBXFileReference; lastKnownFileType = sourcecode.swift; path = FilterScreenViewController.swift; sourceTree = "<group>"; };
		3412A9D52B167EF90025733F /* FilterScreenView.swift */ = {isa = PBXFileReference; lastKnownFileType = sourcecode.swift; path = FilterScreenView.swift; sourceTree = "<group>"; };
		3412A9D72B167F140025733F /* FilterScreenTableViewCell.swift */ = {isa = PBXFileReference; lastKnownFileType = sourcecode.swift; path = FilterScreenTableViewCell.swift; sourceTree = "<group>"; };
		342108802B1DCB71009516E1 /* SavedStoreViewController.swift */ = {isa = PBXFileReference; lastKnownFileType = sourcecode.swift; path = SavedStoreViewController.swift; sourceTree = "<group>"; };
		342108822B1DCB7F009516E1 /* SavedStoreView.swift */ = {isa = PBXFileReference; lastKnownFileType = sourcecode.swift; path = SavedStoreView.swift; sourceTree = "<group>"; };
		342108852B1DCBA0009516E1 /* SavedStoreScreenTableViewCell.swift */ = {isa = PBXFileReference; lastKnownFileType = sourcecode.swift; path = SavedStoreScreenTableViewCell.swift; sourceTree = "<group>"; };
		3457A34E2B1E6226005FC264 /* Location.swift */ = {isa = PBXFileReference; lastKnownFileType = sourcecode.swift; path = Location.swift; sourceTree = "<group>"; };
		3496966F2B0B1BAC00E687E0 /* RegisterViewController.swift */ = {isa = PBXFileReference; lastKnownFileType = sourcecode.swift; path = RegisterViewController.swift; sourceTree = "<group>"; };
		349696712B0B1CFD00E687E0 /* RegisterView.swift */ = {isa = PBXFileReference; lastKnownFileType = sourcecode.swift; path = RegisterView.swift; sourceTree = "<group>"; };
		349696752B0B1E2F00E687E0 /* AuthManager.swift */ = {isa = PBXFileReference; lastKnownFileType = sourcecode.swift; path = AuthManager.swift; sourceTree = "<group>"; };
		349696772B0B1E8500E687E0 /* User.swift */ = {isa = PBXFileReference; lastKnownFileType = sourcecode.swift; path = User.swift; sourceTree = "<group>"; };
		349696792B0B1EDA00E687E0 /* UIElementUtil.swift */ = {isa = PBXFileReference; lastKnownFileType = sourcecode.swift; path = UIElementUtil.swift; sourceTree = "<group>"; };
		34BA3F322B1A6D3D006C6A27 /* LocationScreenViewController.swift */ = {isa = PBXFileReference; lastKnownFileType = sourcecode.swift; path = LocationScreenViewController.swift; sourceTree = "<group>"; };
		34BA3F342B1A6D61006C6A27 /* LocationScreenView.swift */ = {isa = PBXFileReference; lastKnownFileType = sourcecode.swift; path = LocationScreenView.swift; sourceTree = "<group>"; };
		3E058DE32B1289E7004F6F99 /* AddReviewView.swift */ = {isa = PBXFileReference; lastKnownFileType = sourcecode.swift; path = AddReviewView.swift; sourceTree = "<group>"; };
		3E058DE52B1289F8004F6F99 /* AddReviewViewController.swift */ = {isa = PBXFileReference; lastKnownFileType = sourcecode.swift; path = AddReviewViewController.swift; sourceTree = "<group>"; };
		3E058DE72B12A1FC004F6F99 /* UIColorExtension.swift */ = {isa = PBXFileReference; lastKnownFileType = sourcecode.swift; path = UIColorExtension.swift; sourceTree = "<group>"; };
		3E35C5062B17D5120020C725 /* CategoryImageButton.swift */ = {isa = PBXFileReference; lastKnownFileType = sourcecode.swift; path = CategoryImageButton.swift; sourceTree = "<group>"; };
		3E35C5092B17D5450020C725 /* CategoryView.swift */ = {isa = PBXFileReference; lastKnownFileType = sourcecode.swift; path = CategoryView.swift; sourceTree = "<group>"; };
		3E35C50B2B17D55B0020C725 /* CategoryViewController.swift */ = {isa = PBXFileReference; lastKnownFileType = sourcecode.swift; path = CategoryViewController.swift; sourceTree = "<group>"; };
		3E35C50E2B17E1820020C725 /* StoreListView.swift */ = {isa = PBXFileReference; lastKnownFileType = sourcecode.swift; path = StoreListView.swift; sourceTree = "<group>"; };
		3E35C5102B17E1900020C725 /* StoreListViewController.swift */ = {isa = PBXFileReference; lastKnownFileType = sourcecode.swift; path = StoreListViewController.swift; sourceTree = "<group>"; };
		3E35C5122B17EAB40020C725 /* StoreTableViewCell.swift */ = {isa = PBXFileReference; lastKnownFileType = sourcecode.swift; path = StoreTableViewCell.swift; sourceTree = "<group>"; };
		3ECFEEB52B09E34700D05969 /* LoginView.swift */ = {isa = PBXFileReference; lastKnownFileType = sourcecode.swift; path = LoginView.swift; sourceTree = "<group>"; };
		3ECFEEB72B09E3B800D05969 /* LoginViewController.swift */ = {isa = PBXFileReference; lastKnownFileType = sourcecode.swift; path = LoginViewController.swift; sourceTree = "<group>"; };
		3ECFEEB92B09E42600D05969 /* DataFormatter.swift */ = {isa = PBXFileReference; lastKnownFileType = sourcecode.swift; path = DataFormatter.swift; sourceTree = "<group>"; };
		3ECFEEBB2B09E47E00D05969 /* AlertUtil.swift */ = {isa = PBXFileReference; lastKnownFileType = sourcecode.swift; path = AlertUtil.swift; sourceTree = "<group>"; };
		3ECFEEBD2B09E4A100D05969 /* Constants.swift */ = {isa = PBXFileReference; lastKnownFileType = sourcecode.swift; path = Constants.swift; sourceTree = "<group>"; };
		FC40EDF72B11AF41000882D0 /* Store.swift */ = {isa = PBXFileReference; lastKnownFileType = sourcecode.swift; path = Store.swift; sourceTree = "<group>"; };
		FC40EDF92B11BE77000882D0 /* Tag.swift */ = {isa = PBXFileReference; lastKnownFileType = sourcecode.swift; path = Tag.swift; sourceTree = "<group>"; };
		FC40EDFC2B11BF98000882D0 /* TestViewController.swift */ = {isa = PBXFileReference; lastKnownFileType = sourcecode.swift; path = TestViewController.swift; sourceTree = "<group>"; };
		FC40EDFE2B11BFAA000882D0 /* TestView.swift */ = {isa = PBXFileReference; lastKnownFileType = sourcecode.swift; path = TestView.swift; sourceTree = "<group>"; };
		FC40EE002B11C37E000882D0 /* GoogleService-Info.plist */ = {isa = PBXFileReference; fileEncoding = 4; lastKnownFileType = text.plist.xml; path = "GoogleService-Info.plist"; sourceTree = "<group>"; };
		FC40EE0E2B11C578000882D0 /* Conversation.swift */ = {isa = PBXFileReference; lastKnownFileType = sourcecode.swift; path = Conversation.swift; sourceTree = "<group>"; };
		FC40EE102B11C598000882D0 /* MessageDAO.swift */ = {isa = PBXFileReference; lastKnownFileType = sourcecode.swift; path = MessageDAO.swift; sourceTree = "<group>"; };
		FCB896652B09CA240042535C /* CS5520-Traverl-Oracle.app */ = {isa = PBXFileReference; explicitFileType = wrapper.application; includeInIndex = 0; path = "CS5520-Traverl-Oracle.app"; sourceTree = BUILT_PRODUCTS_DIR; };
		FCB896682B09CA240042535C /* AppDelegate.swift */ = {isa = PBXFileReference; lastKnownFileType = sourcecode.swift; path = AppDelegate.swift; sourceTree = "<group>"; };
		FCB8966A2B09CA240042535C /* SceneDelegate.swift */ = {isa = PBXFileReference; lastKnownFileType = sourcecode.swift; path = SceneDelegate.swift; sourceTree = "<group>"; };
		FCB8966F2B09CA240042535C /* Base */ = {isa = PBXFileReference; lastKnownFileType = file.storyboard; name = Base; path = Base.lproj/Main.storyboard; sourceTree = "<group>"; };
		FCB896712B09CA250042535C /* Assets.xcassets */ = {isa = PBXFileReference; lastKnownFileType = folder.assetcatalog; path = Assets.xcassets; sourceTree = "<group>"; };
		FCB896742B09CA250042535C /* Base */ = {isa = PBXFileReference; lastKnownFileType = file.storyboard; name = Base; path = Base.lproj/LaunchScreen.storyboard; sourceTree = "<group>"; };
		FCB896762B09CA250042535C /* Info.plist */ = {isa = PBXFileReference; lastKnownFileType = text.plist.xml; path = Info.plist; sourceTree = "<group>"; };
		FCB8968C2B09D4BF0042535C /* WelcomeViewController.swift */ = {isa = PBXFileReference; lastKnownFileType = sourcecode.swift; path = WelcomeViewController.swift; sourceTree = "<group>"; };
		FCB8968E2B09D54F0042535C /* WelcomeView.swift */ = {isa = PBXFileReference; lastKnownFileType = sourcecode.swift; path = WelcomeView.swift; sourceTree = "<group>"; };
		FCB896902B09D85E0042535C /* ProgressSpinnerDelegate.swift */ = {isa = PBXFileReference; lastKnownFileType = sourcecode.swift; path = ProgressSpinnerDelegate.swift; sourceTree = "<group>"; };
		FCB896922B09D8980042535C /* ProgressSpinnerViewController.swift */ = {isa = PBXFileReference; lastKnownFileType = sourcecode.swift; path = ProgressSpinnerViewController.swift; sourceTree = "<group>"; };
		FCB896942B09D8DB0042535C /* DBManager.swift */ = {isa = PBXFileReference; lastKnownFileType = sourcecode.swift; path = DBManager.swift; sourceTree = "<group>"; };
		FCBF29212B16916600C44BA1 /* StoreDetailView.swift */ = {isa = PBXFileReference; lastKnownFileType = sourcecode.swift; path = StoreDetailView.swift; sourceTree = "<group>"; };
		FCBF29232B16917400C44BA1 /* StoreDetailViewController.swift */ = {isa = PBXFileReference; lastKnownFileType = sourcecode.swift; path = StoreDetailViewController.swift; sourceTree = "<group>"; };
		FCBF29262B16BC7900C44BA1 /* ImageCarouselTableViewCell.swift */ = {isa = PBXFileReference; lastKnownFileType = sourcecode.swift; path = ImageCarouselTableViewCell.swift; sourceTree = "<group>"; };
		FCBF29282B16BCE500C44BA1 /* StoreDescriptionTableViewCell.swift */ = {isa = PBXFileReference; lastKnownFileType = sourcecode.swift; path = StoreDescriptionTableViewCell.swift; sourceTree = "<group>"; };
		FCBF292A2B16BD0700C44BA1 /* ReviewsTableViewCell.swift */ = {isa = PBXFileReference; lastKnownFileType = sourcecode.swift; path = ReviewsTableViewCell.swift; sourceTree = "<group>"; };
		FCBF292C2B16C6C700C44BA1 /* CarouselCollectionViewCell.swift */ = {isa = PBXFileReference; lastKnownFileType = sourcecode.swift; path = CarouselCollectionViewCell.swift; sourceTree = "<group>"; };
		FCBF29332B17B8B600C44BA1 /* Review.swift */ = {isa = PBXFileReference; lastKnownFileType = sourcecode.swift; path = Review.swift; sourceTree = "<group>"; };
		FCBF29392B19ABD900C44BA1 /* MyProfileViewController.swift */ = {isa = PBXFileReference; lastKnownFileType = sourcecode.swift; path = MyProfileViewController.swift; sourceTree = "<group>"; };
		FCBF293B2B19AC3C00C44BA1 /* MyProfileView.swift */ = {isa = PBXFileReference; lastKnownFileType = sourcecode.swift; path = MyProfileView.swift; sourceTree = "<group>"; };
		FCBF293E2B19ACDC00C44BA1 /* EditProfileViewController.swift */ = {isa = PBXFileReference; lastKnownFileType = sourcecode.swift; path = EditProfileViewController.swift; sourceTree = "<group>"; };
		FCBF29402B19ACF000C44BA1 /* EditProfileView.swift */ = {isa = PBXFileReference; lastKnownFileType = sourcecode.swift; path = EditProfileView.swift; sourceTree = "<group>"; };
		FCBF29422B19AE6200C44BA1 /* OthersProfileView.swift */ = {isa = PBXFileReference; lastKnownFileType = sourcecode.swift; path = OthersProfileView.swift; sourceTree = "<group>"; };
		FCBF29442B19AE7B00C44BA1 /* OthersProfileViewController.swift */ = {isa = PBXFileReference; lastKnownFileType = sourcecode.swift; path = OthersProfileViewController.swift; sourceTree = "<group>"; };
		FCBF29472B19BC7F00C44BA1 /* ConversationsViewController.swift */ = {isa = PBXFileReference; lastKnownFileType = sourcecode.swift; path = ConversationsViewController.swift; sourceTree = "<group>"; };
		FCBF29492B19BC9500C44BA1 /* ConversationsView.swift */ = {isa = PBXFileReference; lastKnownFileType = sourcecode.swift; path = ConversationsView.swift; sourceTree = "<group>"; };
		FCBF294B2B19BCA900C44BA1 /* ConversationsTableViewCell.swift */ = {isa = PBXFileReference; lastKnownFileType = sourcecode.swift; path = ConversationsTableViewCell.swift; sourceTree = "<group>"; };
		FCBF29522B1A8F6800C44BA1 /* ConversationViewController.swift */ = {isa = PBXFileReference; lastKnownFileType = sourcecode.swift; path = ConversationViewController.swift; sourceTree = "<group>"; };
		FCBF29552B1A8FCA00C44BA1 /* MessageImageViewScreenViewController.swift */ = {isa = PBXFileReference; lastKnownFileType = sourcecode.swift; path = MessageImageViewScreenViewController.swift; sourceTree = "<group>"; };
		FCBF29582B1C68C800C44BA1 /* ReviewDetailViewController.swift */ = {isa = PBXFileReference; lastKnownFileType = sourcecode.swift; path = ReviewDetailViewController.swift; sourceTree = "<group>"; };
		FCBF295A2B1C68D900C44BA1 /* ReviewDetailView.swift */ = {isa = PBXFileReference; lastKnownFileType = sourcecode.swift; path = ReviewDetailView.swift; sourceTree = "<group>"; };
		FCBF295D2B1DB3BF00C44BA1 /* SearchStoreView.swift */ = {isa = PBXFileReference; lastKnownFileType = sourcecode.swift; path = SearchStoreView.swift; sourceTree = "<group>"; };
		FCBF295F2B1DB3CE00C44BA1 /* SearchStoreViewController.swift */ = {isa = PBXFileReference; lastKnownFileType = sourcecode.swift; path = SearchStoreViewController.swift; sourceTree = "<group>"; };
		FCBF29612B1DB3E400C44BA1 /* SearchStoreTableViewCell.swift */ = {isa = PBXFileReference; lastKnownFileType = sourcecode.swift; path = SearchStoreTableViewCell.swift; sourceTree = "<group>"; };
/* End PBXFileReference section */

/* Begin PBXFrameworksBuildPhase section */
		FCB896622B09CA240042535C /* Frameworks */ = {
			isa = PBXFrameworksBuildPhase;
			buildActionMask = 2147483647;
			files = (
				FCBF29302B16F18600C44BA1 /* SDWebImage in Frameworks */,
				FC40EE052B11C4D8000882D0 /* FirebaseAnalytics in Frameworks */,
				FC40EE072B11C4D8000882D0 /* FirebaseAuth in Frameworks */,
				FC40EE092B11C4D8000882D0 /* FirebaseFirestore in Frameworks */,
				FC40EE0D2B11C4D8000882D0 /* FirebaseStorage in Frameworks */,
				FCBF29322B16F18600C44BA1 /* SDWebImageMapKit in Frameworks */,
				FC40EE0B2B11C4D8000882D0 /* FirebaseFirestoreSwift in Frameworks */,
				FCBF29512B1A8F5400C44BA1 /* MessageKit in Frameworks */,
			);
			runOnlyForDeploymentPostprocessing = 0;
		};
/* End PBXFrameworksBuildPhase section */

/* Begin PBXGroup section */
		3412A9CD2B167E4F0025733F /* AddPlaceScreen */ = {
			isa = PBXGroup;
			children = (
				3412A9CE2B167E750025733F /* AddPlaceView.swift */,
				3412A9D02B167EA70025733F /* AddPlaceViewController.swift */,
			);
			path = AddPlaceScreen;
			sourceTree = "<group>";
		};
		3412A9D22B167EBA0025733F /* FilterScreen */ = {
			isa = PBXGroup;
			children = (
				3412A9D32B167EE00025733F /* FilterScreenViewController.swift */,
				3412A9D52B167EF90025733F /* FilterScreenView.swift */,
				3412A9D72B167F140025733F /* FilterScreenTableViewCell.swift */,
			);
			path = FilterScreen;
			sourceTree = "<group>";
		};
		3421087F2B1DCB41009516E1 /* SavedStoreScreen */ = {
			isa = PBXGroup;
			children = (
				342108802B1DCB71009516E1 /* SavedStoreViewController.swift */,
				342108822B1DCB7F009516E1 /* SavedStoreView.swift */,
				342108852B1DCBA0009516E1 /* SavedStoreScreenTableViewCell.swift */,
			);
			path = SavedStoreScreen;
			sourceTree = "<group>";
		};
		34BA3F312B1A6D2A006C6A27 /* LocationScreen */ = {
			isa = PBXGroup;
			children = (
				34BA3F322B1A6D3D006C6A27 /* LocationScreenViewController.swift */,
				34BA3F342B1A6D61006C6A27 /* LocationScreenView.swift */,
			);
			path = LocationScreen;
			sourceTree = "<group>";
		};
		3E058DE22B1289BE004F6F99 /* AddReviewScreen */ = {
			isa = PBXGroup;
			children = (
				3E058DE32B1289E7004F6F99 /* AddReviewView.swift */,
				3E058DE52B1289F8004F6F99 /* AddReviewViewController.swift */,
			);
			path = AddReviewScreen;
			sourceTree = "<group>";
		};
		3E35C5052B17D4F60020C725 /* CustomizedButton */ = {
			isa = PBXGroup;
			children = (
				3E35C5062B17D5120020C725 /* CategoryImageButton.swift */,
			);
			path = CustomizedButton;
			sourceTree = "<group>";
		};
		3E35C5082B17D5280020C725 /* CategoryScreen */ = {
			isa = PBXGroup;
			children = (
				3E35C5092B17D5450020C725 /* CategoryView.swift */,
				3E35C50B2B17D55B0020C725 /* CategoryViewController.swift */,
			);
			path = CategoryScreen;
			sourceTree = "<group>";
		};
		3E35C50D2B17E1690020C725 /* StoreListScreen */ = {
			isa = PBXGroup;
			children = (
				3E35C50E2B17E1820020C725 /* StoreListView.swift */,
				3E35C5102B17E1900020C725 /* StoreListViewController.swift */,
				3E35C5122B17EAB40020C725 /* StoreTableViewCell.swift */,
			);
			path = StoreListScreen;
			sourceTree = "<group>";
		};
		FC40EDFB2B11BF76000882D0 /* TestScreen */ = {
			isa = PBXGroup;
			children = (
				FC40EDFC2B11BF98000882D0 /* TestViewController.swift */,
				FC40EDFE2B11BFAA000882D0 /* TestView.swift */,
			);
			path = TestScreen;
			sourceTree = "<group>";
		};
		FC40EE032B11C4D8000882D0 /* Frameworks */ = {
			isa = PBXGroup;
			children = (
			);
			name = Frameworks;
			sourceTree = "<group>";
		};
		FCB8965C2B09CA240042535C = {
			isa = PBXGroup;
			children = (
				FCB896672B09CA240042535C /* CS5520-Traverl-Oracle */,
				FCB896662B09CA240042535C /* Products */,
				FC40EE032B11C4D8000882D0 /* Frameworks */,
			);
			sourceTree = "<group>";
		};
		FCB896662B09CA240042535C /* Products */ = {
			isa = PBXGroup;
			children = (
				FCB896652B09CA240042535C /* CS5520-Traverl-Oracle.app */,
			);
			name = Products;
			sourceTree = "<group>";
		};
		FCB896672B09CA240042535C /* CS5520-Traverl-Oracle */ = {
			isa = PBXGroup;
			children = (
				FCB896882B09D2DC0042535C /* Screens */,
				FCB8967F2B09CAF00042535C /* Storyboard */,
				FCB8967E2B09CACE0042535C /* Resources */,
				FCB8967D2B09CAB30042535C /* Utility */,
				FCB8967C2B09CAAA0042535C /* Models */,
				FCB896762B09CA250042535C /* Info.plist */,
				FC40EE002B11C37E000882D0 /* GoogleService-Info.plist */,
			);
			path = "CS5520-Traverl-Oracle";
			sourceTree = "<group>";
		};
		FCB8967C2B09CAAA0042535C /* Models */ = {
			isa = PBXGroup;
			children = (
				349696772B0B1E8500E687E0 /* User.swift */,
				FC40EDF72B11AF41000882D0 /* Store.swift */,
				FC40EDF92B11BE77000882D0 /* Tag.swift */,
				FC40EE0E2B11C578000882D0 /* Conversation.swift */,
				FC40EE102B11C598000882D0 /* MessageDAO.swift */,
				FCBF29332B17B8B600C44BA1 /* Review.swift */,
				3457A34E2B1E6226005FC264 /* Location.swift */,
			);
			path = Models;
			sourceTree = "<group>";
		};
		FCB8967D2B09CAB30042535C /* Utility */ = {
			isa = PBXGroup;
			children = (
				3ECFEEBB2B09E47E00D05969 /* AlertUtil.swift */,
				3E35C5052B17D4F60020C725 /* CustomizedButton */,
				FCB896872B09CF3C0042535C /* ProgressIndicator */,
				FCB896862B09CF2C0042535C /* Formatter */,
				FCB896852B09CF220042535C /* Database */,
				FCB896842B09CF130042535C /* Auth */,
				3ECFEEBD2B09E4A100D05969 /* Constants.swift */,
				349696792B0B1EDA00E687E0 /* UIElementUtil.swift */,
				3E058DE72B12A1FC004F6F99 /* UIColorExtension.swift */,
			);
			path = Utility;
			sourceTree = "<group>";
		};
		FCB8967E2B09CACE0042535C /* Resources */ = {
			isa = PBXGroup;
			children = (
				FCB896682B09CA240042535C /* AppDelegate.swift */,
				FCB8966A2B09CA240042535C /* SceneDelegate.swift */,
			);
			path = Resources;
			sourceTree = "<group>";
		};
		FCB8967F2B09CAF00042535C /* Storyboard */ = {
			isa = PBXGroup;
			children = (
				FCB896712B09CA250042535C /* Assets.xcassets */,
				FCB8966E2B09CA240042535C /* Main.storyboard */,
				FCB896732B09CA250042535C /* LaunchScreen.storyboard */,
			);
			path = Storyboard;
			sourceTree = "<group>";
		};
		FCB896842B09CF130042535C /* Auth */ = {
			isa = PBXGroup;
			children = (
				349696752B0B1E2F00E687E0 /* AuthManager.swift */,
			);
			path = Auth;
			sourceTree = "<group>";
		};
		FCB896852B09CF220042535C /* Database */ = {
			isa = PBXGroup;
			children = (
				FCB896942B09D8DB0042535C /* DBManager.swift */,
			);
			path = Database;
			sourceTree = "<group>";
		};
		FCB896862B09CF2C0042535C /* Formatter */ = {
			isa = PBXGroup;
			children = (
				3ECFEEB92B09E42600D05969 /* DataFormatter.swift */,
			);
			path = Formatter;
			sourceTree = "<group>";
		};
		FCB896872B09CF3C0042535C /* ProgressIndicator */ = {
			isa = PBXGroup;
			children = (
				FCB896902B09D85E0042535C /* ProgressSpinnerDelegate.swift */,
				FCB896922B09D8980042535C /* ProgressSpinnerViewController.swift */,
			);
			path = ProgressIndicator;
			sourceTree = "<group>";
		};
		FCB896882B09D2DC0042535C /* Screens */ = {
			isa = PBXGroup;
			children = (
				3421087F2B1DCB41009516E1 /* SavedStoreScreen */,
				FCBF295C2B1DB38A00C44BA1 /* SearchStoreScreen */,
				34BA3F312B1A6D2A006C6A27 /* LocationScreen */,
				FCBF29572B1C68AD00C44BA1 /* ReviewDetailScreen */,
				FCBF29542B1A8F9600C44BA1 /* MessageImageViewScreen */,
				FCBF294D2B1A8EEC00C44BA1 /* ConversationScreen */,
				FCBF29462B19BC5B00C44BA1 /* ConversationsScreen */,
				FCBF29352B19AB6500C44BA1 /* ProfileScreens */,
				3E35C50D2B17E1690020C725 /* StoreListScreen */,
				3E35C5082B17D5280020C725 /* CategoryScreen */,
				FCBF29202B16913B00C44BA1 /* StoreDetailScreen */,
				3412A9D22B167EBA0025733F /* FilterScreen */,
				3412A9CD2B167E4F0025733F /* AddPlaceScreen */,
				3E058DE22B1289BE004F6F99 /* AddReviewScreen */,
				FC40EDFB2B11BF76000882D0 /* TestScreen */,
				FCB8968B2B09D3080042535C /* RegisterScreen */,
				FCB8968A2B09D2FD0042535C /* LoginScreen */,
				FCB896892B09D2F30042535C /* WelcomeScreen */,
			);
			path = Screens;
			sourceTree = "<group>";
		};
		FCB896892B09D2F30042535C /* WelcomeScreen */ = {
			isa = PBXGroup;
			children = (
				FCB8968C2B09D4BF0042535C /* WelcomeViewController.swift */,
				FCB8968E2B09D54F0042535C /* WelcomeView.swift */,
			);
			path = WelcomeScreen;
			sourceTree = "<group>";
		};
		FCB8968A2B09D2FD0042535C /* LoginScreen */ = {
			isa = PBXGroup;
			children = (
				3ECFEEB52B09E34700D05969 /* LoginView.swift */,
				3ECFEEB72B09E3B800D05969 /* LoginViewController.swift */,
			);
			path = LoginScreen;
			sourceTree = "<group>";
		};
		FCB8968B2B09D3080042535C /* RegisterScreen */ = {
			isa = PBXGroup;
			children = (
				3496966F2B0B1BAC00E687E0 /* RegisterViewController.swift */,
				349696712B0B1CFD00E687E0 /* RegisterView.swift */,
			);
			path = RegisterScreen;
			sourceTree = "<group>";
		};
		FCBF29202B16913B00C44BA1 /* StoreDetailScreen */ = {
			isa = PBXGroup;
			children = (
				FCBF29252B16BBD500C44BA1 /* TableViewCell */,
				FCBF29212B16916600C44BA1 /* StoreDetailView.swift */,
				FCBF29232B16917400C44BA1 /* StoreDetailViewController.swift */,
			);
			path = StoreDetailScreen;
			sourceTree = "<group>";
		};
		FCBF29252B16BBD500C44BA1 /* TableViewCell */ = {
			isa = PBXGroup;
			children = (
				FCBF29262B16BC7900C44BA1 /* ImageCarouselTableViewCell.swift */,
				FCBF29282B16BCE500C44BA1 /* StoreDescriptionTableViewCell.swift */,
				FCBF292A2B16BD0700C44BA1 /* ReviewsTableViewCell.swift */,
				FCBF292C2B16C6C700C44BA1 /* CarouselCollectionViewCell.swift */,
			);
			path = TableViewCell;
			sourceTree = "<group>";
		};
		FCBF29352B19AB6500C44BA1 /* ProfileScreens */ = {
			isa = PBXGroup;
			children = (
				FCBF293D2B19ACAB00C44BA1 /* EditProfileScreen */,
				FCBF29372B19AB9F00C44BA1 /* OthersProfileScreen */,
				FCBF29362B19AB7600C44BA1 /* MyProfileScreen */,
			);
			path = ProfileScreens;
			sourceTree = "<group>";
		};
		FCBF29362B19AB7600C44BA1 /* MyProfileScreen */ = {
			isa = PBXGroup;
			children = (
				FCBF29392B19ABD900C44BA1 /* MyProfileViewController.swift */,
				FCBF293B2B19AC3C00C44BA1 /* MyProfileView.swift */,
			);
			path = MyProfileScreen;
			sourceTree = "<group>";
		};
		FCBF29372B19AB9F00C44BA1 /* OthersProfileScreen */ = {
			isa = PBXGroup;
			children = (
				FCBF29422B19AE6200C44BA1 /* OthersProfileView.swift */,
				FCBF29442B19AE7B00C44BA1 /* OthersProfileViewController.swift */,
			);
			path = OthersProfileScreen;
			sourceTree = "<group>";
		};
		FCBF293D2B19ACAB00C44BA1 /* EditProfileScreen */ = {
			isa = PBXGroup;
			children = (
				FCBF293E2B19ACDC00C44BA1 /* EditProfileViewController.swift */,
				FCBF29402B19ACF000C44BA1 /* EditProfileView.swift */,
			);
			path = EditProfileScreen;
			sourceTree = "<group>";
		};
		FCBF29462B19BC5B00C44BA1 /* ConversationsScreen */ = {
			isa = PBXGroup;
			children = (
				FCBF29472B19BC7F00C44BA1 /* ConversationsViewController.swift */,
				FCBF29492B19BC9500C44BA1 /* ConversationsView.swift */,
				FCBF294B2B19BCA900C44BA1 /* ConversationsTableViewCell.swift */,
			);
			path = ConversationsScreen;
			sourceTree = "<group>";
		};
		FCBF294D2B1A8EEC00C44BA1 /* ConversationScreen */ = {
			isa = PBXGroup;
			children = (
				FCBF29522B1A8F6800C44BA1 /* ConversationViewController.swift */,
			);
			path = ConversationScreen;
			sourceTree = "<group>";
		};
		FCBF29542B1A8F9600C44BA1 /* MessageImageViewScreen */ = {
			isa = PBXGroup;
			children = (
				FCBF29552B1A8FCA00C44BA1 /* MessageImageViewScreenViewController.swift */,
			);
			path = MessageImageViewScreen;
			sourceTree = "<group>";
		};
		FCBF29572B1C68AD00C44BA1 /* ReviewDetailScreen */ = {
			isa = PBXGroup;
			children = (
				FCBF29582B1C68C800C44BA1 /* ReviewDetailViewController.swift */,
				FCBF295A2B1C68D900C44BA1 /* ReviewDetailView.swift */,
			);
			path = ReviewDetailScreen;
			sourceTree = "<group>";
		};
		FCBF295C2B1DB38A00C44BA1 /* SearchStoreScreen */ = {
			isa = PBXGroup;
			children = (
				FCBF295D2B1DB3BF00C44BA1 /* SearchStoreView.swift */,
				FCBF295F2B1DB3CE00C44BA1 /* SearchStoreViewController.swift */,
				FCBF29612B1DB3E400C44BA1 /* SearchStoreTableViewCell.swift */,
			);
			path = SearchStoreScreen;
			sourceTree = "<group>";
		};
/* End PBXGroup section */

/* Begin PBXNativeTarget section */
		FCB896642B09CA240042535C /* CS5520-Traverl-Oracle */ = {
			isa = PBXNativeTarget;
			buildConfigurationList = FCB896792B09CA250042535C /* Build configuration list for PBXNativeTarget "CS5520-Traverl-Oracle" */;
			buildPhases = (
				FCB896612B09CA240042535C /* Sources */,
				FCB896622B09CA240042535C /* Frameworks */,
				FCB896632B09CA240042535C /* Resources */,
			);
			buildRules = (
			);
			dependencies = (
			);
			name = "CS5520-Traverl-Oracle";
			packageProductDependencies = (
				FC40EE042B11C4D8000882D0 /* FirebaseAnalytics */,
				FC40EE062B11C4D8000882D0 /* FirebaseAuth */,
				FC40EE082B11C4D8000882D0 /* FirebaseFirestore */,
				FC40EE0A2B11C4D8000882D0 /* FirebaseFirestoreSwift */,
				FC40EE0C2B11C4D8000882D0 /* FirebaseStorage */,
				FCBF292F2B16F18600C44BA1 /* SDWebImage */,
				FCBF29312B16F18600C44BA1 /* SDWebImageMapKit */,
				FCBF29502B1A8F5400C44BA1 /* MessageKit */,
			);
			productName = "CS5520-Traverl-Oracle";
			productReference = FCB896652B09CA240042535C /* CS5520-Traverl-Oracle.app */;
			productType = "com.apple.product-type.application";
		};
/* End PBXNativeTarget section */

/* Begin PBXProject section */
		FCB8965D2B09CA240042535C /* Project object */ = {
			isa = PBXProject;
			attributes = {
				BuildIndependentTargetsInParallel = 1;
				LastSwiftUpdateCheck = 1500;
				LastUpgradeCheck = 1500;
				TargetAttributes = {
					FCB896642B09CA240042535C = {
						CreatedOnToolsVersion = 15.0.1;
					};
				};
			};
			buildConfigurationList = FCB896602B09CA240042535C /* Build configuration list for PBXProject "CS5520-Traverl-Oracle" */;
			compatibilityVersion = "Xcode 14.0";
			developmentRegion = en;
			hasScannedForEncodings = 0;
			knownRegions = (
				en,
				Base,
			);
			mainGroup = FCB8965C2B09CA240042535C;
			packageReferences = (
				FC40EE022B11C434000882D0 /* XCRemoteSwiftPackageReference "firebase-ios-sdk" */,
				FCBF292E2B16F18600C44BA1 /* XCRemoteSwiftPackageReference "SDWebImage" */,
				FCBF294F2B1A8F5400C44BA1 /* XCRemoteSwiftPackageReference "MessageKit" */,
			);
			productRefGroup = FCB896662B09CA240042535C /* Products */;
			projectDirPath = "";
			projectRoot = "";
			targets = (
				FCB896642B09CA240042535C /* CS5520-Traverl-Oracle */,
			);
		};
/* End PBXProject section */

/* Begin PBXResourcesBuildPhase section */
		FCB896632B09CA240042535C /* Resources */ = {
			isa = PBXResourcesBuildPhase;
			buildActionMask = 2147483647;
			files = (
				FCB896752B09CA250042535C /* LaunchScreen.storyboard in Resources */,
				FC40EE012B11C37E000882D0 /* GoogleService-Info.plist in Resources */,
				FCB896722B09CA250042535C /* Assets.xcassets in Resources */,
				FCB896702B09CA240042535C /* Main.storyboard in Resources */,
			);
			runOnlyForDeploymentPostprocessing = 0;
		};
/* End PBXResourcesBuildPhase section */

/* Begin PBXSourcesBuildPhase section */
		FCB896612B09CA240042535C /* Sources */ = {
			isa = PBXSourcesBuildPhase;
			buildActionMask = 2147483647;
			files = (
				3E35C5132B17EAB40020C725 /* StoreTableViewCell.swift in Sources */,
				FC40EDFF2B11BFAA000882D0 /* TestView.swift in Sources */,
				FCBF29602B1DB3CE00C44BA1 /* SearchStoreViewController.swift in Sources */,
				FCBF293F2B19ACDC00C44BA1 /* EditProfileViewController.swift in Sources */,
				FCBF29452B19AE7B00C44BA1 /* OthersProfileViewController.swift in Sources */,
				3ECFEEBC2B09E47E00D05969 /* AlertUtil.swift in Sources */,
				3E35C5112B17E1900020C725 /* StoreListViewController.swift in Sources */,
				3ECFEEB82B09E3B800D05969 /* LoginViewController.swift in Sources */,
				34BA3F332B1A6D3D006C6A27 /* LocationScreenViewController.swift in Sources */,
				FCBF294A2B19BC9500C44BA1 /* ConversationsView.swift in Sources */,
				342108832B1DCB7F009516E1 /* SavedStoreView.swift in Sources */,
				3E35C5072B17D5120020C725 /* CategoryImageButton.swift in Sources */,
				3412A9D42B167EE00025733F /* FilterScreenViewController.swift in Sources */,
				342108862B1DCBA0009516E1 /* SavedStoreScreenTableViewCell.swift in Sources */,
				3412A9D62B167EF90025733F /* FilterScreenView.swift in Sources */,
				FCB896912B09D85E0042535C /* ProgressSpinnerDelegate.swift in Sources */,
				FC40EDF82B11AF41000882D0 /* Store.swift in Sources */,
				FCBF29432B19AE6200C44BA1 /* OthersProfileView.swift in Sources */,
				FC40EE112B11C598000882D0 /* MessageDAO.swift in Sources */,
				349696722B0B1CFD00E687E0 /* RegisterView.swift in Sources */,
				FCBF292D2B16C6C700C44BA1 /* CarouselCollectionViewCell.swift in Sources */,
				349696782B0B1E8500E687E0 /* User.swift in Sources */,
				3412A9CF2B167E750025733F /* AddPlaceView.swift in Sources */,
				FCBF29222B16916600C44BA1 /* StoreDetailView.swift in Sources */,
				FCBF29532B1A8F6800C44BA1 /* ConversationViewController.swift in Sources */,
				349696762B0B1E2F00E687E0 /* AuthManager.swift in Sources */,
				FCBF29412B19ACF000C44BA1 /* EditProfileView.swift in Sources */,
				FCB8968D2B09D4BF0042535C /* WelcomeViewController.swift in Sources */,
				FCB896692B09CA240042535C /* AppDelegate.swift in Sources */,
				3E35C50C2B17D55B0020C725 /* CategoryViewController.swift in Sources */,
				3496967A2B0B1EDA00E687E0 /* UIElementUtil.swift in Sources */,
				FCBF294C2B19BCA900C44BA1 /* ConversationsTableViewCell.swift in Sources */,
				FC40EDFD2B11BF98000882D0 /* TestViewController.swift in Sources */,
				FCB8966B2B09CA240042535C /* SceneDelegate.swift in Sources */,
				3457A34F2B1E6226005FC264 /* Location.swift in Sources */,
				FC40EDFA2B11BE77000882D0 /* Tag.swift in Sources */,
				3412A9D12B167EA70025733F /* AddPlaceViewController.swift in Sources */,
				FCB8968F2B09D54F0042535C /* WelcomeView.swift in Sources */,
				3ECFEEBA2B09E42600D05969 /* DataFormatter.swift in Sources */,
				FC40EE0F2B11C578000882D0 /* Conversation.swift in Sources */,
				FCBF293C2B19AC3C00C44BA1 /* MyProfileView.swift in Sources */,
				3412A9D82B167F140025733F /* FilterScreenTableViewCell.swift in Sources */,
				FCBF295E2B1DB3BF00C44BA1 /* SearchStoreView.swift in Sources */,
				FCBF29242B16917400C44BA1 /* StoreDetailViewController.swift in Sources */,
				FCBF29592B1C68C800C44BA1 /* ReviewDetailViewController.swift in Sources */,
				FCBF293A2B19ABD900C44BA1 /* MyProfileViewController.swift in Sources */,
				3E058DE62B1289F8004F6F99 /* AddReviewViewController.swift in Sources */,
				3E058DE82B12A1FC004F6F99 /* UIColorExtension.swift in Sources */,
				FCB896932B09D8980042535C /* ProgressSpinnerViewController.swift in Sources */,
				FCBF295B2B1C68D900C44BA1 /* ReviewDetailView.swift in Sources */,
				FCBF29482B19BC7F00C44BA1 /* ConversationsViewController.swift in Sources */,
				3E35C50A2B17D5450020C725 /* CategoryView.swift in Sources */,
				3ECFEEB62B09E34700D05969 /* LoginView.swift in Sources */,
				FCBF292B2B16BD0700C44BA1 /* ReviewsTableViewCell.swift in Sources */,
				3E058DE42B1289E7004F6F99 /* AddReviewView.swift in Sources */,
				349696702B0B1BAC00E687E0 /* RegisterViewController.swift in Sources */,
				FCBF29562B1A8FCA00C44BA1 /* MessageImageViewScreenViewController.swift in Sources */,
				FCBF29342B17B8B600C44BA1 /* Review.swift in Sources */,
				FCBF29622B1DB3E400C44BA1 /* SearchStoreTableViewCell.swift in Sources */,
				FCB896952B09D8DB0042535C /* DBManager.swift in Sources */,
				FCBF29272B16BC7900C44BA1 /* ImageCarouselTableViewCell.swift in Sources */,
				FCBF29292B16BCE500C44BA1 /* StoreDescriptionTableViewCell.swift in Sources */,
				3ECFEEBE2B09E4A100D05969 /* Constants.swift in Sources */,
				3E35C50F2B17E1820020C725 /* StoreListView.swift in Sources */,
				342108812B1DCB71009516E1 /* SavedStoreViewController.swift in Sources */,
				34BA3F352B1A6D61006C6A27 /* LocationScreenView.swift in Sources */,
			);
			runOnlyForDeploymentPostprocessing = 0;
		};
/* End PBXSourcesBuildPhase section */

/* Begin PBXVariantGroup section */
		FCB8966E2B09CA240042535C /* Main.storyboard */ = {
			isa = PBXVariantGroup;
			children = (
				FCB8966F2B09CA240042535C /* Base */,
			);
			name = Main.storyboard;
			sourceTree = "<group>";
		};
		FCB896732B09CA250042535C /* LaunchScreen.storyboard */ = {
			isa = PBXVariantGroup;
			children = (
				FCB896742B09CA250042535C /* Base */,
			);
			name = LaunchScreen.storyboard;
			sourceTree = "<group>";
		};
/* End PBXVariantGroup section */

/* Begin XCBuildConfiguration section */
		FCB896772B09CA250042535C /* Debug */ = {
			isa = XCBuildConfiguration;
			buildSettings = {
				ALWAYS_SEARCH_USER_PATHS = NO;
				ASSETCATALOG_COMPILER_GENERATE_SWIFT_ASSET_SYMBOL_EXTENSIONS = YES;
				CLANG_ANALYZER_NONNULL = YES;
				CLANG_ANALYZER_NUMBER_OBJECT_CONVERSION = YES_AGGRESSIVE;
				CLANG_CXX_LANGUAGE_STANDARD = "gnu++20";
				CLANG_ENABLE_MODULES = YES;
				CLANG_ENABLE_OBJC_ARC = YES;
				CLANG_ENABLE_OBJC_WEAK = YES;
				CLANG_WARN_BLOCK_CAPTURE_AUTORELEASING = YES;
				CLANG_WARN_BOOL_CONVERSION = YES;
				CLANG_WARN_COMMA = YES;
				CLANG_WARN_CONSTANT_CONVERSION = YES;
				CLANG_WARN_DEPRECATED_OBJC_IMPLEMENTATIONS = YES;
				CLANG_WARN_DIRECT_OBJC_ISA_USAGE = YES_ERROR;
				CLANG_WARN_DOCUMENTATION_COMMENTS = YES;
				CLANG_WARN_EMPTY_BODY = YES;
				CLANG_WARN_ENUM_CONVERSION = YES;
				CLANG_WARN_INFINITE_RECURSION = YES;
				CLANG_WARN_INT_CONVERSION = YES;
				CLANG_WARN_NON_LITERAL_NULL_CONVERSION = YES;
				CLANG_WARN_OBJC_IMPLICIT_RETAIN_SELF = YES;
				CLANG_WARN_OBJC_LITERAL_CONVERSION = YES;
				CLANG_WARN_OBJC_ROOT_CLASS = YES_ERROR;
				CLANG_WARN_QUOTED_INCLUDE_IN_FRAMEWORK_HEADER = YES;
				CLANG_WARN_RANGE_LOOP_ANALYSIS = YES;
				CLANG_WARN_STRICT_PROTOTYPES = YES;
				CLANG_WARN_SUSPICIOUS_MOVE = YES;
				CLANG_WARN_UNGUARDED_AVAILABILITY = YES_AGGRESSIVE;
				CLANG_WARN_UNREACHABLE_CODE = YES;
				CLANG_WARN__DUPLICATE_METHOD_MATCH = YES;
				COPY_PHASE_STRIP = NO;
				DEBUG_INFORMATION_FORMAT = dwarf;
				ENABLE_STRICT_OBJC_MSGSEND = YES;
				ENABLE_TESTABILITY = YES;
				ENABLE_USER_SCRIPT_SANDBOXING = YES;
				GCC_C_LANGUAGE_STANDARD = gnu17;
				GCC_DYNAMIC_NO_PIC = NO;
				GCC_NO_COMMON_BLOCKS = YES;
				GCC_OPTIMIZATION_LEVEL = 0;
				GCC_PREPROCESSOR_DEFINITIONS = (
					"DEBUG=1",
					"$(inherited)",
				);
				GCC_WARN_64_TO_32_BIT_CONVERSION = YES;
				GCC_WARN_ABOUT_RETURN_TYPE = YES_ERROR;
				GCC_WARN_UNDECLARED_SELECTOR = YES;
				GCC_WARN_UNINITIALIZED_AUTOS = YES_AGGRESSIVE;
				GCC_WARN_UNUSED_FUNCTION = YES;
				GCC_WARN_UNUSED_VARIABLE = YES;
				IPHONEOS_DEPLOYMENT_TARGET = 17.0;
				LOCALIZATION_PREFERS_STRING_CATALOGS = YES;
				MTL_ENABLE_DEBUG_INFO = INCLUDE_SOURCE;
				MTL_FAST_MATH = YES;
				ONLY_ACTIVE_ARCH = YES;
				SDKROOT = iphoneos;
				SWIFT_ACTIVE_COMPILATION_CONDITIONS = "DEBUG $(inherited)";
				SWIFT_OPTIMIZATION_LEVEL = "-Onone";
			};
			name = Debug;
		};
		FCB896782B09CA250042535C /* Release */ = {
			isa = XCBuildConfiguration;
			buildSettings = {
				ALWAYS_SEARCH_USER_PATHS = NO;
				ASSETCATALOG_COMPILER_GENERATE_SWIFT_ASSET_SYMBOL_EXTENSIONS = YES;
				CLANG_ANALYZER_NONNULL = YES;
				CLANG_ANALYZER_NUMBER_OBJECT_CONVERSION = YES_AGGRESSIVE;
				CLANG_CXX_LANGUAGE_STANDARD = "gnu++20";
				CLANG_ENABLE_MODULES = YES;
				CLANG_ENABLE_OBJC_ARC = YES;
				CLANG_ENABLE_OBJC_WEAK = YES;
				CLANG_WARN_BLOCK_CAPTURE_AUTORELEASING = YES;
				CLANG_WARN_BOOL_CONVERSION = YES;
				CLANG_WARN_COMMA = YES;
				CLANG_WARN_CONSTANT_CONVERSION = YES;
				CLANG_WARN_DEPRECATED_OBJC_IMPLEMENTATIONS = YES;
				CLANG_WARN_DIRECT_OBJC_ISA_USAGE = YES_ERROR;
				CLANG_WARN_DOCUMENTATION_COMMENTS = YES;
				CLANG_WARN_EMPTY_BODY = YES;
				CLANG_WARN_ENUM_CONVERSION = YES;
				CLANG_WARN_INFINITE_RECURSION = YES;
				CLANG_WARN_INT_CONVERSION = YES;
				CLANG_WARN_NON_LITERAL_NULL_CONVERSION = YES;
				CLANG_WARN_OBJC_IMPLICIT_RETAIN_SELF = YES;
				CLANG_WARN_OBJC_LITERAL_CONVERSION = YES;
				CLANG_WARN_OBJC_ROOT_CLASS = YES_ERROR;
				CLANG_WARN_QUOTED_INCLUDE_IN_FRAMEWORK_HEADER = YES;
				CLANG_WARN_RANGE_LOOP_ANALYSIS = YES;
				CLANG_WARN_STRICT_PROTOTYPES = YES;
				CLANG_WARN_SUSPICIOUS_MOVE = YES;
				CLANG_WARN_UNGUARDED_AVAILABILITY = YES_AGGRESSIVE;
				CLANG_WARN_UNREACHABLE_CODE = YES;
				CLANG_WARN__DUPLICATE_METHOD_MATCH = YES;
				COPY_PHASE_STRIP = NO;
				DEBUG_INFORMATION_FORMAT = "dwarf-with-dsym";
				ENABLE_NS_ASSERTIONS = NO;
				ENABLE_STRICT_OBJC_MSGSEND = YES;
				ENABLE_USER_SCRIPT_SANDBOXING = YES;
				GCC_C_LANGUAGE_STANDARD = gnu17;
				GCC_NO_COMMON_BLOCKS = YES;
				GCC_WARN_64_TO_32_BIT_CONVERSION = YES;
				GCC_WARN_ABOUT_RETURN_TYPE = YES_ERROR;
				GCC_WARN_UNDECLARED_SELECTOR = YES;
				GCC_WARN_UNINITIALIZED_AUTOS = YES_AGGRESSIVE;
				GCC_WARN_UNUSED_FUNCTION = YES;
				GCC_WARN_UNUSED_VARIABLE = YES;
				IPHONEOS_DEPLOYMENT_TARGET = 17.0;
				LOCALIZATION_PREFERS_STRING_CATALOGS = YES;
				MTL_ENABLE_DEBUG_INFO = NO;
				MTL_FAST_MATH = YES;
				SDKROOT = iphoneos;
				SWIFT_COMPILATION_MODE = wholemodule;
				VALIDATE_PRODUCT = YES;
			};
			name = Release;
		};
		FCB8967A2B09CA250042535C /* Debug */ = {
			isa = XCBuildConfiguration;
			buildSettings = {
				ASSETCATALOG_COMPILER_APPICON_NAME = AppIcon;
				ASSETCATALOG_COMPILER_GLOBAL_ACCENT_COLOR_NAME = AccentColor;
				CODE_SIGN_STYLE = Automatic;
				CURRENT_PROJECT_VERSION = 1;
				DEVELOPMENT_TEAM = P39ZA9AK6M;
				GENERATE_INFOPLIST_FILE = YES;
				INFOPLIST_FILE = "CS5520-Traverl-Oracle/Info.plist";
				INFOPLIST_KEY_UIApplicationSupportsIndirectInputEvents = YES;
				INFOPLIST_KEY_UILaunchStoryboardName = LaunchScreen;
				INFOPLIST_KEY_UIMainStoryboardFile = Main;
				INFOPLIST_KEY_UISupportedInterfaceOrientations_iPad = "UIInterfaceOrientationPortrait UIInterfaceOrientationPortraitUpsideDown UIInterfaceOrientationLandscapeLeft UIInterfaceOrientationLandscapeRight";
				INFOPLIST_KEY_UISupportedInterfaceOrientations_iPhone = "UIInterfaceOrientationPortrait UIInterfaceOrientationLandscapeLeft UIInterfaceOrientationLandscapeRight";
				LD_RUNPATH_SEARCH_PATHS = (
					"$(inherited)",
					"@executable_path/Frameworks",
				);
				MARKETING_VERSION = 1.0;
				PRODUCT_BUNDLE_IDENTIFIER = "com.neuios.CS5520-Traverl-Oracle";
				PRODUCT_NAME = "$(TARGET_NAME)";
				SWIFT_EMIT_LOC_STRINGS = YES;
				SWIFT_VERSION = 5.0;
				TARGETED_DEVICE_FAMILY = "1,2";
			};
			name = Debug;
		};
		FCB8967B2B09CA250042535C /* Release */ = {
			isa = XCBuildConfiguration;
			buildSettings = {
				ASSETCATALOG_COMPILER_APPICON_NAME = AppIcon;
				ASSETCATALOG_COMPILER_GLOBAL_ACCENT_COLOR_NAME = AccentColor;
				CODE_SIGN_STYLE = Automatic;
				CURRENT_PROJECT_VERSION = 1;
				DEVELOPMENT_TEAM = P39ZA9AK6M;
				GENERATE_INFOPLIST_FILE = YES;
				INFOPLIST_FILE = "CS5520-Traverl-Oracle/Info.plist";
				INFOPLIST_KEY_UIApplicationSupportsIndirectInputEvents = YES;
				INFOPLIST_KEY_UILaunchStoryboardName = LaunchScreen;
				INFOPLIST_KEY_UIMainStoryboardFile = Main;
				INFOPLIST_KEY_UISupportedInterfaceOrientations_iPad = "UIInterfaceOrientationPortrait UIInterfaceOrientationPortraitUpsideDown UIInterfaceOrientationLandscapeLeft UIInterfaceOrientationLandscapeRight";
				INFOPLIST_KEY_UISupportedInterfaceOrientations_iPhone = "UIInterfaceOrientationPortrait UIInterfaceOrientationLandscapeLeft UIInterfaceOrientationLandscapeRight";
				LD_RUNPATH_SEARCH_PATHS = (
					"$(inherited)",
					"@executable_path/Frameworks",
				);
				MARKETING_VERSION = 1.0;
				PRODUCT_BUNDLE_IDENTIFIER = "com.neuios.CS5520-Traverl-Oracle";
				PRODUCT_NAME = "$(TARGET_NAME)";
				SWIFT_EMIT_LOC_STRINGS = YES;
				SWIFT_VERSION = 5.0;
				TARGETED_DEVICE_FAMILY = "1,2";
			};
			name = Release;
		};
/* End XCBuildConfiguration section */

/* Begin XCConfigurationList section */
		FCB896602B09CA240042535C /* Build configuration list for PBXProject "CS5520-Traverl-Oracle" */ = {
			isa = XCConfigurationList;
			buildConfigurations = (
				FCB896772B09CA250042535C /* Debug */,
				FCB896782B09CA250042535C /* Release */,
			);
			defaultConfigurationIsVisible = 0;
			defaultConfigurationName = Release;
		};
		FCB896792B09CA250042535C /* Build configuration list for PBXNativeTarget "CS5520-Traverl-Oracle" */ = {
			isa = XCConfigurationList;
			buildConfigurations = (
				FCB8967A2B09CA250042535C /* Debug */,
				FCB8967B2B09CA250042535C /* Release */,
			);
			defaultConfigurationIsVisible = 0;
			defaultConfigurationName = Release;
		};
/* End XCConfigurationList section */

/* Begin XCRemoteSwiftPackageReference section */
		FC40EE022B11C434000882D0 /* XCRemoteSwiftPackageReference "firebase-ios-sdk" */ = {
			isa = XCRemoteSwiftPackageReference;
			repositoryURL = "https://github.com/firebase/firebase-ios-sdk.git";
			requirement = {
				kind = upToNextMajorVersion;
				minimumVersion = 10.18.0;
			};
		};
		FCBF292E2B16F18600C44BA1 /* XCRemoteSwiftPackageReference "SDWebImage" */ = {
			isa = XCRemoteSwiftPackageReference;
			repositoryURL = "https://github.com/SDWebImage/SDWebImage";
			requirement = {
				kind = upToNextMajorVersion;
				minimumVersion = 5.18.5;
			};
		};
		FCBF294F2B1A8F5400C44BA1 /* XCRemoteSwiftPackageReference "MessageKit" */ = {
			isa = XCRemoteSwiftPackageReference;
			repositoryURL = "https://github.com/MessageKit/MessageKit";
			requirement = {
				kind = upToNextMajorVersion;
				minimumVersion = 4.2.0;
			};
		};
/* End XCRemoteSwiftPackageReference section */

/* Begin XCSwiftPackageProductDependency section */
		FC40EE042B11C4D8000882D0 /* FirebaseAnalytics */ = {
			isa = XCSwiftPackageProductDependency;
			package = FC40EE022B11C434000882D0 /* XCRemoteSwiftPackageReference "firebase-ios-sdk" */;
			productName = FirebaseAnalytics;
		};
		FC40EE062B11C4D8000882D0 /* FirebaseAuth */ = {
			isa = XCSwiftPackageProductDependency;
			package = FC40EE022B11C434000882D0 /* XCRemoteSwiftPackageReference "firebase-ios-sdk" */;
			productName = FirebaseAuth;
		};
		FC40EE082B11C4D8000882D0 /* FirebaseFirestore */ = {
			isa = XCSwiftPackageProductDependency;
			package = FC40EE022B11C434000882D0 /* XCRemoteSwiftPackageReference "firebase-ios-sdk" */;
			productName = FirebaseFirestore;
		};
		FC40EE0A2B11C4D8000882D0 /* FirebaseFirestoreSwift */ = {
			isa = XCSwiftPackageProductDependency;
			package = FC40EE022B11C434000882D0 /* XCRemoteSwiftPackageReference "firebase-ios-sdk" */;
			productName = FirebaseFirestoreSwift;
		};
		FC40EE0C2B11C4D8000882D0 /* FirebaseStorage */ = {
			isa = XCSwiftPackageProductDependency;
			package = FC40EE022B11C434000882D0 /* XCRemoteSwiftPackageReference "firebase-ios-sdk" */;
			productName = FirebaseStorage;
		};
		FCBF292F2B16F18600C44BA1 /* SDWebImage */ = {
			isa = XCSwiftPackageProductDependency;
			package = FCBF292E2B16F18600C44BA1 /* XCRemoteSwiftPackageReference "SDWebImage" */;
			productName = SDWebImage;
		};
		FCBF29312B16F18600C44BA1 /* SDWebImageMapKit */ = {
			isa = XCSwiftPackageProductDependency;
			package = FCBF292E2B16F18600C44BA1 /* XCRemoteSwiftPackageReference "SDWebImage" */;
			productName = SDWebImageMapKit;
		};
		FCBF29502B1A8F5400C44BA1 /* MessageKit */ = {
			isa = XCSwiftPackageProductDependency;
			package = FCBF294F2B1A8F5400C44BA1 /* XCRemoteSwiftPackageReference "MessageKit" */;
			productName = MessageKit;
		};
/* End XCSwiftPackageProductDependency section */
	};
	rootObject = FCB8965D2B09CA240042535C /* Project object */;
}
