// !$*UTF8*$!
{
	archiveVersion = 1;
	classes = {
	};
	objectVersion = 56;
	objects = {

/* Begin PBXBuildFile section */
		FCB896692B09CA240042535C /* AppDelegate.swift in Sources */ = {isa = PBXBuildFile; fileRef = FCB896682B09CA240042535C /* AppDelegate.swift */; };
		FCB8966B2B09CA240042535C /* SceneDelegate.swift in Sources */ = {isa = PBXBuildFile; fileRef = FCB8966A2B09CA240042535C /* SceneDelegate.swift */; };
		FCB896702B09CA240042535C /* Main.storyboard in Resources */ = {isa = PBXBuildFile; fileRef = FCB8966E2B09CA240042535C /* Main.storyboard */; };
		FCB896722B09CA250042535C /* Assets.xcassets in Resources */ = {isa = PBXBuildFile; fileRef = FCB896712B09CA250042535C /* Assets.xcassets */; };
		FCB896752B09CA250042535C /* LaunchScreen.storyboard in Resources */ = {isa = PBXBuildFile; fileRef = FCB896732B09CA250042535C /* LaunchScreen.storyboard */; };
		FCB8968D2B09D4BF0042535C /* WelcomeViewController.swift in Sources */ = {isa = PBXBuildFile; fileRef = FCB8968C2B09D4BF0042535C /* WelcomeViewController.swift */; };
		FCB8968F2B09D54F0042535C /* WelcomeView.swift in Sources */ = {isa = PBXBuildFile; fileRef = FCB8968E2B09D54F0042535C /* WelcomeView.swift */; };
/* End PBXBuildFile section */

/* Begin PBXFileReference section */
		FCB896652B09CA240042535C /* CS5520-Traverl-Oracle.app */ = {isa = PBXFileReference; explicitFileType = wrapper.application; includeInIndex = 0; path = "CS5520-Traverl-Oracle.app"; sourceTree = BUILT_PRODUCTS_DIR; };
		FCB896682B09CA240042535C /* AppDelegate.swift */ = {isa = PBXFileReference; lastKnownFileType = sourcecode.swift; path = AppDelegate.swift; sourceTree = "<group>"; };
		FCB8966A2B09CA240042535C /* SceneDelegate.swift */ = {isa = PBXFileReference; lastKnownFileType = sourcecode.swift; path = SceneDelegate.swift; sourceTree = "<group>"; };
		FCB8966F2B09CA240042535C /* Base */ = {isa = PBXFileReference; lastKnownFileType = file.storyboard; name = Base; path = Base.lproj/Main.storyboard; sourceTree = "<group>"; };
		FCB896712B09CA250042535C /* Assets.xcassets */ = {isa = PBXFileReference; lastKnownFileType = folder.assetcatalog; path = Assets.xcassets; sourceTree = "<group>"; };
		FCB896742B09CA250042535C /* Base */ = {isa = PBXFileReference; lastKnownFileType = file.storyboard; name = Base; path = Base.lproj/LaunchScreen.storyboard; sourceTree = "<group>"; };
		FCB896762B09CA250042535C /* Info.plist */ = {isa = PBXFileReference; lastKnownFileType = text.plist.xml; path = Info.plist; sourceTree = "<group>"; };
		FCB8968C2B09D4BF0042535C /* WelcomeViewController.swift */ = {isa = PBXFileReference; lastKnownFileType = sourcecode.swift; path = WelcomeViewController.swift; sourceTree = "<group>"; };
		FCB8968E2B09D54F0042535C /* WelcomeView.swift */ = {isa = PBXFileReference; lastKnownFileType = sourcecode.swift; path = WelcomeView.swift; sourceTree = "<group>"; };
/* End PBXFileReference section */

/* Begin PBXFrameworksBuildPhase section */
		FCB896622B09CA240042535C /* Frameworks */ = {
			isa = PBXFrameworksBuildPhase;
			buildActionMask = 2147483647;
			files = (
			);
			runOnlyForDeploymentPostprocessing = 0;
		};
/* End PBXFrameworksBuildPhase section */

/* Begin PBXGroup section */
		FCB8965C2B09CA240042535C = {
			isa = PBXGroup;
			children = (
				FCB896672B09CA240042535C /* CS5520-Traverl-Oracle */,
				FCB896662B09CA240042535C /* Products */,
			);
			sourceTree = "<group>";
		};
		FCB896662B09CA240042535C /* Products */ = {
			isa = PBXGroup;
			children = (
				FCB896652B09CA240042535C /* CS5520-Traverl-Oracle.app */,
			);
			name = Products;
			sourceTree = "<group>";
		};
		FCB896672B09CA240042535C /* CS5520-Traverl-Oracle */ = {
			isa = PBXGroup;
			children = (
				FCB896882B09D2DC0042535C /* Screens */,
				FCB8967F2B09CAF00042535C /* Storyboard */,
				FCB8967E2B09CACE0042535C /* Resources */,
				FCB8967D2B09CAB30042535C /* Utility */,
				FCB8967C2B09CAAA0042535C /* Models */,
				FCB896762B09CA250042535C /* Info.plist */,
			);
			path = "CS5520-Traverl-Oracle";
			sourceTree = "<group>";
		};
		FCB8967C2B09CAAA0042535C /* Models */ = {
			isa = PBXGroup;
			children = (
			);
			path = Models;
			sourceTree = "<group>";
		};
		FCB8967D2B09CAB30042535C /* Utility */ = {
			isa = PBXGroup;
			children = (
				FCB896872B09CF3C0042535C /* ProgressIndicator */,
				FCB896862B09CF2C0042535C /* Formatter */,
				FCB896852B09CF220042535C /* DataBase */,
				FCB896842B09CF130042535C /* Auth */,
			);
			path = Utility;
			sourceTree = "<group>";
		};
		FCB8967E2B09CACE0042535C /* Resources */ = {
			isa = PBXGroup;
			children = (
				FCB896682B09CA240042535C /* AppDelegate.swift */,
				FCB8966A2B09CA240042535C /* SceneDelegate.swift */,
			);
			path = Resources;
			sourceTree = "<group>";
		};
		FCB8967F2B09CAF00042535C /* Storyboard */ = {
			isa = PBXGroup;
			children = (
				FCB896712B09CA250042535C /* Assets.xcassets */,
				FCB8966E2B09CA240042535C /* Main.storyboard */,
				FCB896732B09CA250042535C /* LaunchScreen.storyboard */,
			);
			path = Storyboard;
			sourceTree = "<group>";
		};
		FCB896842B09CF130042535C /* Auth */ = {
			isa = PBXGroup;
			children = (
			);
			path = Auth;
			sourceTree = "<group>";
		};
		FCB896852B09CF220042535C /* DataBase */ = {
			isa = PBXGroup;
			children = (
			);
			path = DataBase;
			sourceTree = "<group>";
		};
		FCB896862B09CF2C0042535C /* Formatter */ = {
			isa = PBXGroup;
			children = (
			);
			path = Formatter;
			sourceTree = "<group>";
		};
		FCB896872B09CF3C0042535C /* ProgressIndicator */ = {
			isa = PBXGroup;
			children = (
			);
			path = ProgressIndicator;
			sourceTree = "<group>";
		};
		FCB896882B09D2DC0042535C /* Screens */ = {
			isa = PBXGroup;
			children = (
				FCB8968B2B09D3080042535C /* RegisterScreen */,
				FCB8968A2B09D2FD0042535C /* LoginScreen */,
				FCB896892B09D2F30042535C /* WelcomeScreen */,
			);
			path = Screens;
			sourceTree = "<group>";
		};
		FCB896892B09D2F30042535C /* WelcomeScreen */ = {
			isa = PBXGroup;
			children = (
				FCB8968C2B09D4BF0042535C /* WelcomeViewController.swift */,
				FCB8968E2B09D54F0042535C /* WelcomeView.swift */,
			);
			path = WelcomeScreen;
			sourceTree = "<group>";
		};
		FCB8968A2B09D2FD0042535C /* LoginScreen */ = {
			isa = PBXGroup;
			children = (
			);
			path = LoginScreen;
			sourceTree = "<group>";
		};
		FCB8968B2B09D3080042535C /* RegisterScreen */ = {
			isa = PBXGroup;
			children = (
			);
			path = RegisterScreen;
			sourceTree = "<group>";
		};
/* End PBXGroup section */

/* Begin PBXNativeTarget section */
		FCB896642B09CA240042535C /* CS5520-Traverl-Oracle */ = {
			isa = PBXNativeTarget;
			buildConfigurationList = FCB896792B09CA250042535C /* Build configuration list for PBXNativeTarget "CS5520-Traverl-Oracle" */;
			buildPhases = (
				FCB896612B09CA240042535C /* Sources */,
				FCB896622B09CA240042535C /* Frameworks */,
				FCB896632B09CA240042535C /* Resources */,
			);
			buildRules = (
			);
			dependencies = (
			);
			name = "CS5520-Traverl-Oracle";
			productName = "CS5520-Traverl-Oracle";
			productReference = FCB896652B09CA240042535C /* CS5520-Traverl-Oracle.app */;
			productType = "com.apple.product-type.application";
		};
/* End PBXNativeTarget section */

/* Begin PBXProject section */
		FCB8965D2B09CA240042535C /* Project object */ = {
			isa = PBXProject;
			attributes = {
				BuildIndependentTargetsInParallel = 1;
				LastSwiftUpdateCheck = 1500;
				LastUpgradeCheck = 1500;
				TargetAttributes = {
					FCB896642B09CA240042535C = {
						CreatedOnToolsVersion = 15.0.1;
					};
				};
			};
			buildConfigurationList = FCB896602B09CA240042535C /* Build configuration list for PBXProject "CS5520-Traverl-Oracle" */;
			compatibilityVersion = "Xcode 14.0";
			developmentRegion = en;
			hasScannedForEncodings = 0;
			knownRegions = (
				en,
				Base,
			);
			mainGroup = FCB8965C2B09CA240042535C;
			productRefGroup = FCB896662B09CA240042535C /* Products */;
			projectDirPath = "";
			projectRoot = "";
			targets = (
				FCB896642B09CA240042535C /* CS5520-Traverl-Oracle */,
			);
		};
/* End PBXProject section */

/* Begin PBXResourcesBuildPhase section */
		FCB896632B09CA240042535C /* Resources */ = {
			isa = PBXResourcesBuildPhase;
			buildActionMask = 2147483647;
			files = (
				FCB896752B09CA250042535C /* LaunchScreen.storyboard in Resources */,
				FCB896722B09CA250042535C /* Assets.xcassets in Resources */,
				FCB896702B09CA240042535C /* Main.storyboard in Resources */,
			);
			runOnlyForDeploymentPostprocessing = 0;
		};
/* End PBXResourcesBuildPhase section */

/* Begin PBXSourcesBuildPhase section */
		FCB896612B09CA240042535C /* Sources */ = {
			isa = PBXSourcesBuildPhase;
			buildActionMask = 2147483647;
			files = (
				FCB8968D2B09D4BF0042535C /* WelcomeViewController.swift in Sources */,
				FCB896692B09CA240042535C /* AppDelegate.swift in Sources */,
				FCB8966B2B09CA240042535C /* SceneDelegate.swift in Sources */,
				FCB8968F2B09D54F0042535C /* WelcomeView.swift in Sources */,
			);
			runOnlyForDeploymentPostprocessing = 0;
		};
/* End PBXSourcesBuildPhase section */

/* Begin PBXVariantGroup section */
		FCB8966E2B09CA240042535C /* Main.storyboard */ = {
			isa = PBXVariantGroup;
			children = (
				FCB8966F2B09CA240042535C /* Base */,
			);
			name = Main.storyboard;
			sourceTree = "<group>";
		};
		FCB896732B09CA250042535C /* LaunchScreen.storyboard */ = {
			isa = PBXVariantGroup;
			children = (
				FCB896742B09CA250042535C /* Base */,
			);
			name = LaunchScreen.storyboard;
			sourceTree = "<group>";
		};
/* End PBXVariantGroup section */

/* Begin XCBuildConfiguration section */
		FCB896772B09CA250042535C /* Debug */ = {
			isa = XCBuildConfiguration;
			buildSettings = {
				ALWAYS_SEARCH_USER_PATHS = NO;
				ASSETCATALOG_COMPILER_GENERATE_SWIFT_ASSET_SYMBOL_EXTENSIONS = YES;
				CLANG_ANALYZER_NONNULL = YES;
				CLANG_ANALYZER_NUMBER_OBJECT_CONVERSION = YES_AGGRESSIVE;
				CLANG_CXX_LANGUAGE_STANDARD = "gnu++20";
				CLANG_ENABLE_MODULES = YES;
				CLANG_ENABLE_OBJC_ARC = YES;
				CLANG_ENABLE_OBJC_WEAK = YES;
				CLANG_WARN_BLOCK_CAPTURE_AUTORELEASING = YES;
				CLANG_WARN_BOOL_CONVERSION = YES;
				CLANG_WARN_COMMA = YES;
				CLANG_WARN_CONSTANT_CONVERSION = YES;
				CLANG_WARN_DEPRECATED_OBJC_IMPLEMENTATIONS = YES;
				CLANG_WARN_DIRECT_OBJC_ISA_USAGE = YES_ERROR;
				CLANG_WARN_DOCUMENTATION_COMMENTS = YES;
				CLANG_WARN_EMPTY_BODY = YES;
				CLANG_WARN_ENUM_CONVERSION = YES;
				CLANG_WARN_INFINITE_RECURSION = YES;
				CLANG_WARN_INT_CONVERSION = YES;
				CLANG_WARN_NON_LITERAL_NULL_CONVERSION = YES;
				CLANG_WARN_OBJC_IMPLICIT_RETAIN_SELF = YES;
				CLANG_WARN_OBJC_LITERAL_CONVERSION = YES;
				CLANG_WARN_OBJC_ROOT_CLASS = YES_ERROR;
				CLANG_WARN_QUOTED_INCLUDE_IN_FRAMEWORK_HEADER = YES;
				CLANG_WARN_RANGE_LOOP_ANALYSIS = YES;
				CLANG_WARN_STRICT_PROTOTYPES = YES;
				CLANG_WARN_SUSPICIOUS_MOVE = YES;
				CLANG_WARN_UNGUARDED_AVAILABILITY = YES_AGGRESSIVE;
				CLANG_WARN_UNREACHABLE_CODE = YES;
				CLANG_WARN__DUPLICATE_METHOD_MATCH = YES;
				COPY_PHASE_STRIP = NO;
				DEBUG_INFORMATION_FORMAT = dwarf;
				ENABLE_STRICT_OBJC_MSGSEND = YES;
				ENABLE_TESTABILITY = YES;
				ENABLE_USER_SCRIPT_SANDBOXING = YES;
				GCC_C_LANGUAGE_STANDARD = gnu17;
				GCC_DYNAMIC_NO_PIC = NO;
				GCC_NO_COMMON_BLOCKS = YES;
				GCC_OPTIMIZATION_LEVEL = 0;
				GCC_PREPROCESSOR_DEFINITIONS = (
					"DEBUG=1",
					"$(inherited)",
				);
				GCC_WARN_64_TO_32_BIT_CONVERSION = YES;
				GCC_WARN_ABOUT_RETURN_TYPE = YES_ERROR;
				GCC_WARN_UNDECLARED_SELECTOR = YES;
				GCC_WARN_UNINITIALIZED_AUTOS = YES_AGGRESSIVE;
				GCC_WARN_UNUSED_FUNCTION = YES;
				GCC_WARN_UNUSED_VARIABLE = YES;
				IPHONEOS_DEPLOYMENT_TARGET = 17.0;
				LOCALIZATION_PREFERS_STRING_CATALOGS = YES;
				MTL_ENABLE_DEBUG_INFO = INCLUDE_SOURCE;
				MTL_FAST_MATH = YES;
				ONLY_ACTIVE_ARCH = YES;
				SDKROOT = iphoneos;
				SWIFT_ACTIVE_COMPILATION_CONDITIONS = "DEBUG $(inherited)";
				SWIFT_OPTIMIZATION_LEVEL = "-Onone";
			};
			name = Debug;
		};
		FCB896782B09CA250042535C /* Release */ = {
			isa = XCBuildConfiguration;
			buildSettings = {
				ALWAYS_SEARCH_USER_PATHS = NO;
				ASSETCATALOG_COMPILER_GENERATE_SWIFT_ASSET_SYMBOL_EXTENSIONS = YES;
				CLANG_ANALYZER_NONNULL = YES;
				CLANG_ANALYZER_NUMBER_OBJECT_CONVERSION = YES_AGGRESSIVE;
				CLANG_CXX_LANGUAGE_STANDARD = "gnu++20";
				CLANG_ENABLE_MODULES = YES;
				CLANG_ENABLE_OBJC_ARC = YES;
				CLANG_ENABLE_OBJC_WEAK = YES;
				CLANG_WARN_BLOCK_CAPTURE_AUTORELEASING = YES;
				CLANG_WARN_BOOL_CONVERSION = YES;
				CLANG_WARN_COMMA = YES;
				CLANG_WARN_CONSTANT_CONVERSION = YES;
				CLANG_WARN_DEPRECATED_OBJC_IMPLEMENTATIONS = YES;
				CLANG_WARN_DIRECT_OBJC_ISA_USAGE = YES_ERROR;
				CLANG_WARN_DOCUMENTATION_COMMENTS = YES;
				CLANG_WARN_EMPTY_BODY = YES;
				CLANG_WARN_ENUM_CONVERSION = YES;
				CLANG_WARN_INFINITE_RECURSION = YES;
				CLANG_WARN_INT_CONVERSION = YES;
				CLANG_WARN_NON_LITERAL_NULL_CONVERSION = YES;
				CLANG_WARN_OBJC_IMPLICIT_RETAIN_SELF = YES;
				CLANG_WARN_OBJC_LITERAL_CONVERSION = YES;
				CLANG_WARN_OBJC_ROOT_CLASS = YES_ERROR;
				CLANG_WARN_QUOTED_INCLUDE_IN_FRAMEWORK_HEADER = YES;
				CLANG_WARN_RANGE_LOOP_ANALYSIS = YES;
				CLANG_WARN_STRICT_PROTOTYPES = YES;
				CLANG_WARN_SUSPICIOUS_MOVE = YES;
				CLANG_WARN_UNGUARDED_AVAILABILITY = YES_AGGRESSIVE;
				CLANG_WARN_UNREACHABLE_CODE = YES;
				CLANG_WARN__DUPLICATE_METHOD_MATCH = YES;
				COPY_PHASE_STRIP = NO;
				DEBUG_INFORMATION_FORMAT = "dwarf-with-dsym";
				ENABLE_NS_ASSERTIONS = NO;
				ENABLE_STRICT_OBJC_MSGSEND = YES;
				ENABLE_USER_SCRIPT_SANDBOXING = YES;
				GCC_C_LANGUAGE_STANDARD = gnu17;
				GCC_NO_COMMON_BLOCKS = YES;
				GCC_WARN_64_TO_32_BIT_CONVERSION = YES;
				GCC_WARN_ABOUT_RETURN_TYPE = YES_ERROR;
				GCC_WARN_UNDECLARED_SELECTOR = YES;
				GCC_WARN_UNINITIALIZED_AUTOS = YES_AGGRESSIVE;
				GCC_WARN_UNUSED_FUNCTION = YES;
				GCC_WARN_UNUSED_VARIABLE = YES;
				IPHONEOS_DEPLOYMENT_TARGET = 17.0;
				LOCALIZATION_PREFERS_STRING_CATALOGS = YES;
				MTL_ENABLE_DEBUG_INFO = NO;
				MTL_FAST_MATH = YES;
				SDKROOT = iphoneos;
				SWIFT_COMPILATION_MODE = wholemodule;
				VALIDATE_PRODUCT = YES;
			};
			name = Release;
		};
		FCB8967A2B09CA250042535C /* Debug */ = {
			isa = XCBuildConfiguration;
			buildSettings = {
				ASSETCATALOG_COMPILER_APPICON_NAME = AppIcon;
				ASSETCATALOG_COMPILER_GLOBAL_ACCENT_COLOR_NAME = AccentColor;
				CODE_SIGN_STYLE = Automatic;
				CURRENT_PROJECT_VERSION = 1;
				DEVELOPMENT_TEAM = P39ZA9AK6M;
				GENERATE_INFOPLIST_FILE = YES;
				INFOPLIST_FILE = "CS5520-Traverl-Oracle/Info.plist";
				INFOPLIST_KEY_UIApplicationSupportsIndirectInputEvents = YES;
				INFOPLIST_KEY_UILaunchStoryboardName = LaunchScreen;
				INFOPLIST_KEY_UIMainStoryboardFile = Main;
				INFOPLIST_KEY_UISupportedInterfaceOrientations_iPad = "UIInterfaceOrientationPortrait UIInterfaceOrientationPortraitUpsideDown UIInterfaceOrientationLandscapeLeft UIInterfaceOrientationLandscapeRight";
				INFOPLIST_KEY_UISupportedInterfaceOrientations_iPhone = "UIInterfaceOrientationPortrait UIInterfaceOrientationLandscapeLeft UIInterfaceOrientationLandscapeRight";
				LD_RUNPATH_SEARCH_PATHS = (
					"$(inherited)",
					"@executable_path/Frameworks",
				);
				MARKETING_VERSION = 1.0;
				PRODUCT_BUNDLE_IDENTIFIER = "com.neuios.CS5520-Traverl-Oracle";
				PRODUCT_NAME = "$(TARGET_NAME)";
				SWIFT_EMIT_LOC_STRINGS = YES;
				SWIFT_VERSION = 5.0;
				TARGETED_DEVICE_FAMILY = "1,2";
			};
			name = Debug;
		};
		FCB8967B2B09CA250042535C /* Release */ = {
			isa = XCBuildConfiguration;
			buildSettings = {
				ASSETCATALOG_COMPILER_APPICON_NAME = AppIcon;
				ASSETCATALOG_COMPILER_GLOBAL_ACCENT_COLOR_NAME = AccentColor;
				CODE_SIGN_STYLE = Automatic;
				CURRENT_PROJECT_VERSION = 1;
				DEVELOPMENT_TEAM = P39ZA9AK6M;
				GENERATE_INFOPLIST_FILE = YES;
				INFOPLIST_FILE = "CS5520-Traverl-Oracle/Info.plist";
				INFOPLIST_KEY_UIApplicationSupportsIndirectInputEvents = YES;
				INFOPLIST_KEY_UILaunchStoryboardName = LaunchScreen;
				INFOPLIST_KEY_UIMainStoryboardFile = Main;
				INFOPLIST_KEY_UISupportedInterfaceOrientations_iPad = "UIInterfaceOrientationPortrait UIInterfaceOrientationPortraitUpsideDown UIInterfaceOrientationLandscapeLeft UIInterfaceOrientationLandscapeRight";
				INFOPLIST_KEY_UISupportedInterfaceOrientations_iPhone = "UIInterfaceOrientationPortrait UIInterfaceOrientationLandscapeLeft UIInterfaceOrientationLandscapeRight";
				LD_RUNPATH_SEARCH_PATHS = (
					"$(inherited)",
					"@executable_path/Frameworks",
				);
				MARKETING_VERSION = 1.0;
				PRODUCT_BUNDLE_IDENTIFIER = "com.neuios.CS5520-Traverl-Oracle";
				PRODUCT_NAME = "$(TARGET_NAME)";
				SWIFT_EMIT_LOC_STRINGS = YES;
				SWIFT_VERSION = 5.0;
				TARGETED_DEVICE_FAMILY = "1,2";
			};
			name = Release;
		};
/* End XCBuildConfiguration section */

/* Begin XCConfigurationList section */
		FCB896602B09CA240042535C /* Build configuration list for PBXProject "CS5520-Traverl-Oracle" */ = {
			isa = XCConfigurationList;
			buildConfigurations = (
				FCB896772B09CA250042535C /* Debug */,
				FCB896782B09CA250042535C /* Release */,
			);
			defaultConfigurationIsVisible = 0;
			defaultConfigurationName = Release;
		};
		FCB896792B09CA250042535C /* Build configuration list for PBXNativeTarget "CS5520-Traverl-Oracle" */ = {
			isa = XCConfigurationList;
			buildConfigurations = (
				FCB8967A2B09CA250042535C /* Debug */,
				FCB8967B2B09CA250042535C /* Release */,
			);
			defaultConfigurationIsVisible = 0;
			defaultConfigurationName = Release;
		};
/* End XCConfigurationList section */
	};
	rootObject = FCB8965D2B09CA240042535C /* Project object */;
}
